// !$*UTF8*$!
{
	archiveVersion = 1;
	classes = {
	};
	objectVersion = 46;
	objects = {

/* Begin PBXBuildFile section */
		B4066EC2235376D50068954C /* launch_bg@2x.png in Resources */ = {isa = PBXBuildFile; fileRef = B4066EC0235376D50068954C /* launch_bg@2x.png */; };
		B4066EC3235376D50068954C /* launch_logo@2x.png in Resources */ = {isa = PBXBuildFile; fileRef = B4066EC1235376D50068954C /* launch_logo@2x.png */; };
		B4066EC5235377EC0068954C /* Launch Screen.storyboard in Resources */ = {isa = PBXBuildFile; fileRef = B4066EC4235377EC0068954C /* Launch Screen.storyboard */; };
		B422984B2353A393006AC356 /* Levels.plist in Resources */ = {isa = PBXBuildFile; fileRef = B422984A2353A393006AC356 /* Levels.plist */; };
		B4388EFC2433910A0082E406 /* TypingVC.swift in Sources */ = {isa = PBXBuildFile; fileRef = B4388EFA2433910A0082E406 /* TypingVC.swift */; };
		B4388EFD2433910A0082E406 /* TypingVC.xib in Resources */ = {isa = PBXBuildFile; fileRef = B4388EFB2433910A0082E406 /* TypingVC.xib */; };
		B4388EFF2433A4810082E406 /* CurrentWordView.swift in Sources */ = {isa = PBXBuildFile; fileRef = B4388EFE2433A4810082E406 /* CurrentWordView.swift */; };
		B4388F042433A9ED0082E406 /* TextView.swift in Sources */ = {isa = PBXBuildFile; fileRef = B4388F032433A9ED0082E406 /* TextView.swift */; };
		B4388F062433B2C80082E406 /* TypingVM.swift in Sources */ = {isa = PBXBuildFile; fileRef = B4388F052433B2C80082E406 /* TypingVM.swift */; };
		B4388F082433C07D0082E406 /* String+Extra.swift in Sources */ = {isa = PBXBuildFile; fileRef = B4388F072433C07D0082E406 /* String+Extra.swift */; };
		B4388F0A243408C00082E406 /* UIScreen+Extra.swift in Sources */ = {isa = PBXBuildFile; fileRef = B4388F09243408C00082E406 /* UIScreen+Extra.swift */; };
		B4388F0C2434B96B0082E406 /* UIColor+Extra.swift in Sources */ = {isa = PBXBuildFile; fileRef = B4388F0B2434B96B0082E406 /* UIColor+Extra.swift */; };
		B4388F0E2434BBFE0082E406 /* UIAlertController+Extra.swift in Sources */ = {isa = PBXBuildFile; fileRef = B4388F0D2434BBFE0082E406 /* UIAlertController+Extra.swift */; };
		B4388F102434C28C0082E406 /* AppDelegate.swift in Sources */ = {isa = PBXBuildFile; fileRef = B4388F0F2434C28C0082E406 /* AppDelegate.swift */; };
		B43E4E08242F921000050E19 /* CurrentWordView.xib in Resources */ = {isa = PBXBuildFile; fileRef = B43E4E07242F921000050E19 /* CurrentWordView.xib */; };
		B4457CB61B56BFA6003C27A9 /* AVFoundation.framework in Frameworks */ = {isa = PBXBuildFile; fileRef = B4457CB51B56BFA6003C27A9 /* AVFoundation.framework */; };
		B4504F372353476A002F9C7D /* Localizable.strings in Resources */ = {isa = PBXBuildFile; fileRef = B4504EF12353476A002F9C7D /* Localizable.strings */; };
		B4504F382353476A002F9C7D /* InfoPlist.strings in Resources */ = {isa = PBXBuildFile; fileRef = B4504EF32353476A002F9C7D /* InfoPlist.strings */; };
		B4504F552353476A002F9C7D /* Tock.caf in Resources */ = {isa = PBXBuildFile; fileRef = B4504F132353476A002F9C7D /* Tock.caf */; };
		B4504F562353476A002F9C7D /* click.wav in Resources */ = {isa = PBXBuildFile; fileRef = B4504F142353476A002F9C7D /* click.wav */; };
		B4504F572353476A002F9C7D /* error.wav in Resources */ = {isa = PBXBuildFile; fileRef = B4504F152353476A002F9C7D /* error.wav */; };
		B4504F582353476A002F9C7D /* new_result.wav in Resources */ = {isa = PBXBuildFile; fileRef = B4504F162353476A002F9C7D /* new_result.wav */; };
		B4504F592353476A002F9C7D /* new_rank.wav in Resources */ = {isa = PBXBuildFile; fileRef = B4504F172353476A002F9C7D /* new_rank.wav */; };
		B4504F5B2353476A002F9C7D /* Images.xcassets in Resources */ = {isa = PBXBuildFile; fileRef = B4504F192353476A002F9C7D /* Images.xcassets */; };
		B45E7A4F1B504090006C3A67 /* GameKit.framework in Frameworks */ = {isa = PBXBuildFile; fileRef = B45E7A4E1B504090006C3A67 /* GameKit.framework */; };
		B46D69612434CF280088F1B7 /* SoundService.swift in Sources */ = {isa = PBXBuildFile; fileRef = B46D69602434CF280088F1B7 /* SoundService.swift */; };
		B46D69632434D6520088F1B7 /* ReminderService.swift in Sources */ = {isa = PBXBuildFile; fileRef = B46D69622434D6520088F1B7 /* ReminderService.swift */; };
		B46D69652434DAE50088F1B7 /* LeaderboardService.swift in Sources */ = {isa = PBXBuildFile; fileRef = B46D69642434DAE50088F1B7 /* LeaderboardService.swift */; };
		B46D69672434E5190088F1B7 /* ResultProvider.swift in Sources */ = {isa = PBXBuildFile; fileRef = B46D69662434E5190088F1B7 /* ResultProvider.swift */; };
		B46D6969243515500088F1B7 /* AppCoordinator.swift in Sources */ = {isa = PBXBuildFile; fileRef = B46D6968243515500088F1B7 /* AppCoordinator.swift */; };
		B46D696B2435510B0088F1B7 /* LevelResult.swift in Sources */ = {isa = PBXBuildFile; fileRef = B46D696A2435510B0088F1B7 /* LevelResult.swift */; };
		B46D696F243554910088F1B7 /* Level.swift in Sources */ = {isa = PBXBuildFile; fileRef = B46D696E243554910088F1B7 /* Level.swift */; };
		B47742232430FE9B00E1062A /* MenuVC.swift in Sources */ = {isa = PBXBuildFile; fileRef = B47742222430FE9B00E1062A /* MenuVC.swift */; };
		B4B7D2CD23534B6900CE09DB /* Localizable.stringsdict in Resources */ = {isa = PBXBuildFile; fileRef = B4B7D2CF23534B6900CE09DB /* Localizable.stringsdict */; };
		B4C07C272435FBCC004EEDE1 /* type_trainer_UITests.swift in Sources */ = {isa = PBXBuildFile; fileRef = B4C07C262435FBCC004EEDE1 /* type_trainer_UITests.swift */; };
		B4C07C352435FBF8004EEDE1 /* Level_Tests.swift in Sources */ = {isa = PBXBuildFile; fileRef = B4C07C342435FBF8004EEDE1 /* Level_Tests.swift */; };
		B4C07C3D24361ACD004EEDE1 /* MenuVM_Tests.swift in Sources */ = {isa = PBXBuildFile; fileRef = B4C07C3C24361ACD004EEDE1 /* MenuVM_Tests.swift */; };
		B4C07C3F243630D9004EEDE1 /* LevelResult_Tests.swift in Sources */ = {isa = PBXBuildFile; fileRef = B4C07C3E243630D9004EEDE1 /* LevelResult_Tests.swift */; };
		B4C34E5424314990004C6C54 /* MenuVM.swift in Sources */ = {isa = PBXBuildFile; fileRef = B4C34E5324314990004C6C54 /* MenuVM.swift */; };
		B4C34E56243154A4004C6C54 /* MenuVC.xib in Resources */ = {isa = PBXBuildFile; fileRef = B4C34E55243154A4004C6C54 /* MenuVC.xib */; };
		B4C34E5924315F81004C6C54 /* SettingsVC.swift in Sources */ = {isa = PBXBuildFile; fileRef = B4C34E5724315F81004C6C54 /* SettingsVC.swift */; };
		B4C34E5A24315F81004C6C54 /* SettingsVC.xib in Resources */ = {isa = PBXBuildFile; fileRef = B4C34E5824315F81004C6C54 /* SettingsVC.xib */; };
		B4C34E5C243248FB004C6C54 /* SettingsVM.swift in Sources */ = {isa = PBXBuildFile; fileRef = B4C34E5B243248FB004C6C54 /* SettingsVM.swift */; };
		B4C34E5E243254ED004C6C54 /* UserDefaults+Extra.swift in Sources */ = {isa = PBXBuildFile; fileRef = B4C34E5D243254ED004C6C54 /* UserDefaults+Extra.swift */; };
		B4C34E602433583C004C6C54 /* LevelProvider.swift in Sources */ = {isa = PBXBuildFile; fileRef = B4C34E5F2433583C004C6C54 /* LevelProvider.swift */; };
		B4C34E652433738D004C6C54 /* ResultsVC.swift in Sources */ = {isa = PBXBuildFile; fileRef = B4C34E632433738D004C6C54 /* ResultsVC.swift */; };
		B4C34E662433738D004C6C54 /* ResultsVC.xib in Resources */ = {isa = PBXBuildFile; fileRef = B4C34E642433738D004C6C54 /* ResultsVC.xib */; };
		B4C34E6824337B71004C6C54 /* ResultsVM.swift in Sources */ = {isa = PBXBuildFile; fileRef = B4C34E6724337B71004C6C54 /* ResultsVM.swift */; };
		B4C4CED324301EAA00D38688 /* Colors.xcassets in Resources */ = {isa = PBXBuildFile; fileRef = B4C4CED224301EAA00D38688 /* Colors.xcassets */; };
		B4E64FE92437EBA30042D0EA /* TestHelper.swift in Sources */ = {isa = PBXBuildFile; fileRef = B4E64FE82437EBA30042D0EA /* TestHelper.swift */; };
		B4E64FEC2437F44E0042D0EA /* MenuVM.json in Resources */ = {isa = PBXBuildFile; fileRef = B4E64FEE2437F44E0042D0EA /* MenuVM.json */; };
		B4E64FF12437FDB80042D0EA /* ResultsVM_Tests.swift in Sources */ = {isa = PBXBuildFile; fileRef = B4E64FF02437FDB80042D0EA /* ResultsVM_Tests.swift */; };
		B4E64FF4243801610042D0EA /* ResultsVM.json in Resources */ = {isa = PBXBuildFile; fileRef = B4E64FF6243801610042D0EA /* ResultsVM.json */; };
		B4E64FF9243803AB0042D0EA /* SettingsVM_Tests.swift in Sources */ = {isa = PBXBuildFile; fileRef = B4E64FF8243803AB0042D0EA /* SettingsVM_Tests.swift */; };
		B4E64FFC2438063F0042D0EA /* SettingsVM.json in Resources */ = {isa = PBXBuildFile; fileRef = B4E64FFE2438063F0042D0EA /* SettingsVM.json */; };
		B4F11B6D2437512700DD3A8C /* ResultProvider_Tests.swift in Sources */ = {isa = PBXBuildFile; fileRef = B4F11B6C2437512700DD3A8C /* ResultProvider_Tests.swift */; };
		B4F3A4672437A0230088C167 /* LevelProvider_Tests.swift in Sources */ = {isa = PBXBuildFile; fileRef = B4F3A4662437A0230088C167 /* LevelProvider_Tests.swift */; };
/* End PBXBuildFile section */

/* Begin PBXContainerItemProxy section */
		B4C07C292435FBCC004EEDE1 /* PBXContainerItemProxy */ = {
			isa = PBXContainerItemProxy;
			containerPortal = B4010C5C1B3E08C4000DF339 /* Project object */;
			proxyType = 1;
			remoteGlobalIDString = B4010C631B3E08C5000DF339;
			remoteInfo = type.trainer;
		};
		B4C07C372435FBF8004EEDE1 /* PBXContainerItemProxy */ = {
			isa = PBXContainerItemProxy;
			containerPortal = B4010C5C1B3E08C4000DF339 /* Project object */;
			proxyType = 1;
			remoteGlobalIDString = B4010C631B3E08C5000DF339;
			remoteInfo = type.trainer;
		};
/* End PBXContainerItemProxy section */

/* Begin PBXFileReference section */
		B4010C641B3E08C5000DF339 /* type.trainer.app */ = {isa = PBXFileReference; explicitFileType = wrapper.application; includeInIndex = 0; path = type.trainer.app; sourceTree = BUILT_PRODUCTS_DIR; };
		B4066EC0235376D50068954C /* launch_bg@2x.png */ = {isa = PBXFileReference; lastKnownFileType = image.png; path = "launch_bg@2x.png"; sourceTree = "<group>"; };
		B4066EC1235376D50068954C /* launch_logo@2x.png */ = {isa = PBXFileReference; lastKnownFileType = image.png; path = "launch_logo@2x.png"; sourceTree = "<group>"; };
		B4066EC4235377EC0068954C /* Launch Screen.storyboard */ = {isa = PBXFileReference; lastKnownFileType = file.storyboard; path = "Launch Screen.storyboard"; sourceTree = "<group>"; };
		B422984A2353A393006AC356 /* Levels.plist */ = {isa = PBXFileReference; fileEncoding = 4; lastKnownFileType = text.plist.xml; name = Levels.plist; path = ../Model/Levels.plist; sourceTree = "<group>"; };
		B4388EFA2433910A0082E406 /* TypingVC.swift */ = {isa = PBXFileReference; lastKnownFileType = sourcecode.swift; path = TypingVC.swift; sourceTree = "<group>"; };
		B4388EFB2433910A0082E406 /* TypingVC.xib */ = {isa = PBXFileReference; lastKnownFileType = file.xib; path = TypingVC.xib; sourceTree = "<group>"; };
		B4388EFE2433A4810082E406 /* CurrentWordView.swift */ = {isa = PBXFileReference; lastKnownFileType = sourcecode.swift; path = CurrentWordView.swift; sourceTree = "<group>"; };
		B4388F032433A9ED0082E406 /* TextView.swift */ = {isa = PBXFileReference; lastKnownFileType = sourcecode.swift; path = TextView.swift; sourceTree = "<group>"; };
		B4388F052433B2C80082E406 /* TypingVM.swift */ = {isa = PBXFileReference; lastKnownFileType = sourcecode.swift; path = TypingVM.swift; sourceTree = "<group>"; };
		B4388F072433C07D0082E406 /* String+Extra.swift */ = {isa = PBXFileReference; lastKnownFileType = sourcecode.swift; path = "String+Extra.swift"; sourceTree = "<group>"; };
		B4388F09243408C00082E406 /* UIScreen+Extra.swift */ = {isa = PBXFileReference; lastKnownFileType = sourcecode.swift; path = "UIScreen+Extra.swift"; sourceTree = "<group>"; };
		B4388F0B2434B96B0082E406 /* UIColor+Extra.swift */ = {isa = PBXFileReference; lastKnownFileType = sourcecode.swift; path = "UIColor+Extra.swift"; sourceTree = "<group>"; };
		B4388F0D2434BBFE0082E406 /* UIAlertController+Extra.swift */ = {isa = PBXFileReference; lastKnownFileType = sourcecode.swift; path = "UIAlertController+Extra.swift"; sourceTree = "<group>"; };
		B4388F0F2434C28C0082E406 /* AppDelegate.swift */ = {isa = PBXFileReference; lastKnownFileType = sourcecode.swift; path = AppDelegate.swift; sourceTree = "<group>"; };
		B43E4E07242F921000050E19 /* CurrentWordView.xib */ = {isa = PBXFileReference; lastKnownFileType = file.xib; path = CurrentWordView.xib; sourceTree = "<group>"; };
		B4457CB51B56BFA6003C27A9 /* AVFoundation.framework */ = {isa = PBXFileReference; lastKnownFileType = wrapper.framework; name = AVFoundation.framework; path = System/Library/Frameworks/AVFoundation.framework; sourceTree = SDKROOT; };
		B4504EF22353476A002F9C7D /* en */ = {isa = PBXFileReference; lastKnownFileType = text.plist.strings; name = en; path = en.lproj/Localizable.strings; sourceTree = "<group>"; };
		B4504EF42353476A002F9C7D /* en */ = {isa = PBXFileReference; lastKnownFileType = text.plist.strings; name = en; path = en.lproj/InfoPlist.strings; sourceTree = "<group>"; };
		B4504F132353476A002F9C7D /* Tock.caf */ = {isa = PBXFileReference; lastKnownFileType = file; path = Tock.caf; sourceTree = "<group>"; };
		B4504F142353476A002F9C7D /* click.wav */ = {isa = PBXFileReference; lastKnownFileType = audio.wav; path = click.wav; sourceTree = "<group>"; };
		B4504F152353476A002F9C7D /* error.wav */ = {isa = PBXFileReference; lastKnownFileType = audio.wav; path = error.wav; sourceTree = "<group>"; };
		B4504F162353476A002F9C7D /* new_result.wav */ = {isa = PBXFileReference; lastKnownFileType = audio.wav; path = new_result.wav; sourceTree = "<group>"; };
		B4504F172353476A002F9C7D /* new_rank.wav */ = {isa = PBXFileReference; lastKnownFileType = audio.wav; path = new_rank.wav; sourceTree = "<group>"; };
		B4504F192353476A002F9C7D /* Images.xcassets */ = {isa = PBXFileReference; lastKnownFileType = folder.assetcatalog; path = Images.xcassets; sourceTree = "<group>"; };
		B4504F1A2353476A002F9C7D /* ru */ = {isa = PBXFileReference; lastKnownFileType = text.plist.strings; name = ru; path = ru.lproj/Localizable.strings; sourceTree = "<group>"; };
		B4504F1B2353476A002F9C7D /* ru */ = {isa = PBXFileReference; lastKnownFileType = text.plist.strings; name = ru; path = ru.lproj/InfoPlist.strings; sourceTree = "<group>"; };
		B4504F1D2353476A002F9C7D /* Info.plist */ = {isa = PBXFileReference; fileEncoding = 4; lastKnownFileType = text.plist.xml; path = Info.plist; sourceTree = "<group>"; };
		B45E7A4E1B504090006C3A67 /* GameKit.framework */ = {isa = PBXFileReference; lastKnownFileType = wrapper.framework; name = GameKit.framework; path = System/Library/Frameworks/GameKit.framework; sourceTree = SDKROOT; };
		B46D69602434CF280088F1B7 /* SoundService.swift */ = {isa = PBXFileReference; lastKnownFileType = sourcecode.swift; path = SoundService.swift; sourceTree = "<group>"; };
		B46D69622434D6520088F1B7 /* ReminderService.swift */ = {isa = PBXFileReference; lastKnownFileType = sourcecode.swift; path = ReminderService.swift; sourceTree = "<group>"; };
		B46D69642434DAE50088F1B7 /* LeaderboardService.swift */ = {isa = PBXFileReference; lastKnownFileType = sourcecode.swift; path = LeaderboardService.swift; sourceTree = "<group>"; };
		B46D69662434E5190088F1B7 /* ResultProvider.swift */ = {isa = PBXFileReference; lastKnownFileType = sourcecode.swift; path = ResultProvider.swift; sourceTree = "<group>"; };
		B46D6968243515500088F1B7 /* AppCoordinator.swift */ = {isa = PBXFileReference; fileEncoding = 4; lastKnownFileType = sourcecode.swift; path = AppCoordinator.swift; sourceTree = "<group>"; };
		B46D696A2435510B0088F1B7 /* LevelResult.swift */ = {isa = PBXFileReference; lastKnownFileType = sourcecode.swift; path = LevelResult.swift; sourceTree = "<group>"; };
		B46D696E243554910088F1B7 /* Level.swift */ = {isa = PBXFileReference; lastKnownFileType = sourcecode.swift; path = Level.swift; sourceTree = "<group>"; };
		B47742222430FE9B00E1062A /* MenuVC.swift */ = {isa = PBXFileReference; lastKnownFileType = sourcecode.swift; path = MenuVC.swift; sourceTree = "<group>"; };
		B4B7D2CE23534B6900CE09DB /* en */ = {isa = PBXFileReference; lastKnownFileType = text.plist.stringsdict; name = en; path = en.lproj/Localizable.stringsdict; sourceTree = "<group>"; };
		B4B7D2D023534B7200CE09DB /* ru */ = {isa = PBXFileReference; lastKnownFileType = text.plist.stringsdict; name = ru; path = ru.lproj/Localizable.stringsdict; sourceTree = "<group>"; };
		B4C07C242435FBCC004EEDE1 /* type.trainer.UITests.xctest */ = {isa = PBXFileReference; explicitFileType = wrapper.cfbundle; includeInIndex = 0; path = type.trainer.UITests.xctest; sourceTree = BUILT_PRODUCTS_DIR; };
		B4C07C262435FBCC004EEDE1 /* type_trainer_UITests.swift */ = {isa = PBXFileReference; lastKnownFileType = sourcecode.swift; path = type_trainer_UITests.swift; sourceTree = "<group>"; };
		B4C07C282435FBCC004EEDE1 /* Info.plist */ = {isa = PBXFileReference; lastKnownFileType = text.plist.xml; path = Info.plist; sourceTree = "<group>"; };
		B4C07C322435FBF8004EEDE1 /* type.trainer.Tests.xctest */ = {isa = PBXFileReference; explicitFileType = wrapper.cfbundle; includeInIndex = 0; path = type.trainer.Tests.xctest; sourceTree = BUILT_PRODUCTS_DIR; };
		B4C07C342435FBF8004EEDE1 /* Level_Tests.swift */ = {isa = PBXFileReference; lastKnownFileType = sourcecode.swift; path = Level_Tests.swift; sourceTree = "<group>"; };
		B4C07C362435FBF8004EEDE1 /* Info.plist */ = {isa = PBXFileReference; lastKnownFileType = text.plist.xml; path = Info.plist; sourceTree = "<group>"; };
		B4C07C3C24361ACD004EEDE1 /* MenuVM_Tests.swift */ = {isa = PBXFileReference; lastKnownFileType = sourcecode.swift; path = MenuVM_Tests.swift; sourceTree = "<group>"; };
		B4C07C3E243630D9004EEDE1 /* LevelResult_Tests.swift */ = {isa = PBXFileReference; lastKnownFileType = sourcecode.swift; path = LevelResult_Tests.swift; sourceTree = "<group>"; };
		B4C34E5324314990004C6C54 /* MenuVM.swift */ = {isa = PBXFileReference; lastKnownFileType = sourcecode.swift; path = MenuVM.swift; sourceTree = "<group>"; };
		B4C34E55243154A4004C6C54 /* MenuVC.xib */ = {isa = PBXFileReference; lastKnownFileType = file.xib; path = MenuVC.xib; sourceTree = "<group>"; };
		B4C34E5724315F81004C6C54 /* SettingsVC.swift */ = {isa = PBXFileReference; lastKnownFileType = sourcecode.swift; path = SettingsVC.swift; sourceTree = "<group>"; };
		B4C34E5824315F81004C6C54 /* SettingsVC.xib */ = {isa = PBXFileReference; lastKnownFileType = file.xib; path = SettingsVC.xib; sourceTree = "<group>"; };
		B4C34E5B243248FB004C6C54 /* SettingsVM.swift */ = {isa = PBXFileReference; lastKnownFileType = sourcecode.swift; path = SettingsVM.swift; sourceTree = "<group>"; };
		B4C34E5D243254ED004C6C54 /* UserDefaults+Extra.swift */ = {isa = PBXFileReference; lastKnownFileType = sourcecode.swift; path = "UserDefaults+Extra.swift"; sourceTree = "<group>"; };
		B4C34E5F2433583C004C6C54 /* LevelProvider.swift */ = {isa = PBXFileReference; lastKnownFileType = sourcecode.swift; path = LevelProvider.swift; sourceTree = "<group>"; };
		B4C34E632433738D004C6C54 /* ResultsVC.swift */ = {isa = PBXFileReference; lastKnownFileType = sourcecode.swift; path = ResultsVC.swift; sourceTree = "<group>"; };
		B4C34E642433738D004C6C54 /* ResultsVC.xib */ = {isa = PBXFileReference; lastKnownFileType = file.xib; path = ResultsVC.xib; sourceTree = "<group>"; };
		B4C34E6724337B71004C6C54 /* ResultsVM.swift */ = {isa = PBXFileReference; lastKnownFileType = sourcecode.swift; path = ResultsVM.swift; sourceTree = "<group>"; };
		B4C4CED224301EAA00D38688 /* Colors.xcassets */ = {isa = PBXFileReference; lastKnownFileType = folder.assetcatalog; path = Colors.xcassets; sourceTree = "<group>"; };
		B4E64FE82437EBA30042D0EA /* TestHelper.swift */ = {isa = PBXFileReference; lastKnownFileType = sourcecode.swift; path = TestHelper.swift; sourceTree = "<group>"; };
		B4E64FED2437F44E0042D0EA /* en */ = {isa = PBXFileReference; lastKnownFileType = text.json; name = en; path = en.lproj/MenuVM.json; sourceTree = "<group>"; };
		B4E64FEF2437F4560042D0EA /* ru */ = {isa = PBXFileReference; lastKnownFileType = text.json; name = ru; path = ru.lproj/MenuVM.json; sourceTree = "<group>"; };
		B4E64FF02437FDB80042D0EA /* ResultsVM_Tests.swift */ = {isa = PBXFileReference; lastKnownFileType = sourcecode.swift; path = ResultsVM_Tests.swift; sourceTree = "<group>"; };
		B4E64FF5243801610042D0EA /* en */ = {isa = PBXFileReference; lastKnownFileType = text.json; name = en; path = en.lproj/ResultsVM.json; sourceTree = "<group>"; };
		B4E64FF7243801660042D0EA /* ru */ = {isa = PBXFileReference; lastKnownFileType = text.json; name = ru; path = ru.lproj/ResultsVM.json; sourceTree = "<group>"; };
		B4E64FF8243803AB0042D0EA /* SettingsVM_Tests.swift */ = {isa = PBXFileReference; lastKnownFileType = sourcecode.swift; path = SettingsVM_Tests.swift; sourceTree = "<group>"; };
		B4E64FFD2438063F0042D0EA /* en */ = {isa = PBXFileReference; lastKnownFileType = text.json; name = en; path = en.lproj/SettingsVM.json; sourceTree = "<group>"; };
		B4E64FFF2438064F0042D0EA /* ru */ = {isa = PBXFileReference; lastKnownFileType = text.json; name = ru; path = ru.lproj/SettingsVM.json; sourceTree = "<group>"; };
		B4F11B6C2437512700DD3A8C /* ResultProvider_Tests.swift */ = {isa = PBXFileReference; lastKnownFileType = sourcecode.swift; path = ResultProvider_Tests.swift; sourceTree = "<group>"; };
		B4F3A4662437A0230088C167 /* LevelProvider_Tests.swift */ = {isa = PBXFileReference; lastKnownFileType = sourcecode.swift; path = LevelProvider_Tests.swift; sourceTree = "<group>"; };
/* End PBXFileReference section */

/* Begin PBXFrameworksBuildPhase section */
		B4010C611B3E08C5000DF339 /* Frameworks */ = {
			isa = PBXFrameworksBuildPhase;
			buildActionMask = 2147483647;
			files = (
				B4457CB61B56BFA6003C27A9 /* AVFoundation.framework in Frameworks */,
				B45E7A4F1B504090006C3A67 /* GameKit.framework in Frameworks */,
			);
			runOnlyForDeploymentPostprocessing = 0;
		};
		B4C07C212435FBCC004EEDE1 /* Frameworks */ = {
			isa = PBXFrameworksBuildPhase;
			buildActionMask = 2147483647;
			files = (
			);
			runOnlyForDeploymentPostprocessing = 0;
		};
		B4C07C2F2435FBF8004EEDE1 /* Frameworks */ = {
			isa = PBXFrameworksBuildPhase;
			buildActionMask = 2147483647;
			files = (
			);
			runOnlyForDeploymentPostprocessing = 0;
		};
/* End PBXFrameworksBuildPhase section */

/* Begin PBXGroup section */
		85CACE9D01483EACB544D6D5 /* Frameworks */ = {
			isa = PBXGroup;
			children = (
				B45E7A4E1B504090006C3A67 /* GameKit.framework */,
				B4457CB51B56BFA6003C27A9 /* AVFoundation.framework */,
			);
			name = Frameworks;
			sourceTree = "<group>";
		};
		B4010C5B1B3E08C4000DF339 = {
			isa = PBXGroup;
			children = (
				B4010C661B3E08C5000DF339 /* type.trainer */,
				B4C07C332435FBF8004EEDE1 /* type.trainer.Tests */,
				B4C07C252435FBCC004EEDE1 /* type.trainer.UITests */,
				B4010C651B3E08C5000DF339 /* Products */,
				85CACE9D01483EACB544D6D5 /* Frameworks */,
			);
			sourceTree = "<group>";
		};
		B4010C651B3E08C5000DF339 /* Products */ = {
			isa = PBXGroup;
			children = (
				B4010C641B3E08C5000DF339 /* type.trainer.app */,
				B4C07C242435FBCC004EEDE1 /* type.trainer.UITests.xctest */,
				B4C07C322435FBF8004EEDE1 /* type.trainer.Tests.xctest */,
			);
			name = Products;
			sourceTree = "<group>";
		};
		B4010C661B3E08C5000DF339 /* type.trainer */ = {
			isa = PBXGroup;
			children = (
				B4388F0F2434C28C0082E406 /* AppDelegate.swift */,
				B46D6968243515500088F1B7 /* AppCoordinator.swift */,
				B4504EDE2353476A002F9C7D /* Services */,
				B4504EBB2353476A002F9C7D /* Model */,
				B4504EED2353476A002F9C7D /* View */,
				B4504ECC2353476A002F9C7D /* ViewModels */,
				B4504ED52353476A002F9C7D /* Controllers */,
				B4504EC32353476A002F9C7D /* Extensions */,
				B4504EF02353476A002F9C7D /* Resources */,
			);
			path = type.trainer;
			sourceTree = "<group>";
		};
		B4504EBB2353476A002F9C7D /* Model */ = {
			isa = PBXGroup;
			children = (
				B46D696E243554910088F1B7 /* Level.swift */,
				B46D696A2435510B0088F1B7 /* LevelResult.swift */,
			);
			path = Model;
			sourceTree = "<group>";
		};
		B4504EC32353476A002F9C7D /* Extensions */ = {
			isa = PBXGroup;
			children = (
				B4388F072433C07D0082E406 /* String+Extra.swift */,
				B4388F0D2434BBFE0082E406 /* UIAlertController+Extra.swift */,
				B4388F0B2434B96B0082E406 /* UIColor+Extra.swift */,
				B4388F09243408C00082E406 /* UIScreen+Extra.swift */,
				B4C34E5D243254ED004C6C54 /* UserDefaults+Extra.swift */,
			);
			path = Extensions;
			sourceTree = "<group>";
		};
		B4504ECC2353476A002F9C7D /* ViewModels */ = {
			isa = PBXGroup;
			children = (
				B4C34E5324314990004C6C54 /* MenuVM.swift */,
				B4C34E5B243248FB004C6C54 /* SettingsVM.swift */,
				B4388F052433B2C80082E406 /* TypingVM.swift */,
				B4C34E6724337B71004C6C54 /* ResultsVM.swift */,
			);
			path = ViewModels;
			sourceTree = "<group>";
		};
		B4504ED52353476A002F9C7D /* Controllers */ = {
			isa = PBXGroup;
			children = (
				B47742222430FE9B00E1062A /* MenuVC.swift */,
				B4C34E5724315F81004C6C54 /* SettingsVC.swift */,
				B4388EFA2433910A0082E406 /* TypingVC.swift */,
				B4C34E632433738D004C6C54 /* ResultsVC.swift */,
			);
			path = Controllers;
			sourceTree = "<group>";
		};
		B4504EDE2353476A002F9C7D /* Services */ = {
			isa = PBXGroup;
			children = (
				B4C34E5F2433583C004C6C54 /* LevelProvider.swift */,
				B46D69662434E5190088F1B7 /* ResultProvider.swift */,
				B46D69642434DAE50088F1B7 /* LeaderboardService.swift */,
				B46D69622434D6520088F1B7 /* ReminderService.swift */,
				B46D69602434CF280088F1B7 /* SoundService.swift */,
			);
			path = Services;
			sourceTree = "<group>";
		};
		B4504EED2353476A002F9C7D /* View */ = {
			isa = PBXGroup;
			children = (
				B4388F032433A9ED0082E406 /* TextView.swift */,
				B4388EFE2433A4810082E406 /* CurrentWordView.swift */,
				B4C34E55243154A4004C6C54 /* MenuVC.xib */,
				B4C34E5824315F81004C6C54 /* SettingsVC.xib */,
				B4C34E642433738D004C6C54 /* ResultsVC.xib */,
				B4388EFB2433910A0082E406 /* TypingVC.xib */,
				B43E4E07242F921000050E19 /* CurrentWordView.xib */,
			);
			path = View;
			sourceTree = "<group>";
		};
		B4504EF02353476A002F9C7D /* Resources */ = {
			isa = PBXGroup;
			children = (
				B4066EC4235377EC0068954C /* Launch Screen.storyboard */,
				B422984A2353A393006AC356 /* Levels.plist */,
				B4066EC0235376D50068954C /* launch_bg@2x.png */,
				B4066EC1235376D50068954C /* launch_logo@2x.png */,
				B4504EF12353476A002F9C7D /* Localizable.strings */,
				B4B7D2CF23534B6900CE09DB /* Localizable.stringsdict */,
				B4504EF32353476A002F9C7D /* InfoPlist.strings */,
				B4504F122353476A002F9C7D /* Sounds */,
				B4504F192353476A002F9C7D /* Images.xcassets */,
				B4C4CED224301EAA00D38688 /* Colors.xcassets */,
				B4504F1D2353476A002F9C7D /* Info.plist */,
			);
			path = Resources;
			sourceTree = "<group>";
		};
		B4504F122353476A002F9C7D /* Sounds */ = {
			isa = PBXGroup;
			children = (
				B4504F132353476A002F9C7D /* Tock.caf */,
				B4504F142353476A002F9C7D /* click.wav */,
				B4504F152353476A002F9C7D /* error.wav */,
				B4504F162353476A002F9C7D /* new_result.wav */,
				B4504F172353476A002F9C7D /* new_rank.wav */,
			);
			path = Sounds;
			sourceTree = "<group>";
		};
		B4C07C252435FBCC004EEDE1 /* type.trainer.UITests */ = {
			isa = PBXGroup;
			children = (
				B4C07C262435FBCC004EEDE1 /* type_trainer_UITests.swift */,
				B4C07C282435FBCC004EEDE1 /* Info.plist */,
			);
			path = type.trainer.UITests;
			sourceTree = "<group>";
		};
		B4C07C332435FBF8004EEDE1 /* type.trainer.Tests */ = {
			isa = PBXGroup;
			children = (
				B4F3A4662437A0230088C167 /* LevelProvider_Tests.swift */,
				B4F11B6C2437512700DD3A8C /* ResultProvider_Tests.swift */,
				B4C07C3E243630D9004EEDE1 /* LevelResult_Tests.swift */,
				B4C07C342435FBF8004EEDE1 /* Level_Tests.swift */,
				B4C07C3C24361ACD004EEDE1 /* MenuVM_Tests.swift */,
				B4E64FF02437FDB80042D0EA /* ResultsVM_Tests.swift */,
				B4E64FF8243803AB0042D0EA /* SettingsVM_Tests.swift */,
				B4E64FE82437EBA30042D0EA /* TestHelper.swift */,
				B4C07C362435FBF8004EEDE1 /* Info.plist */,
				B4E64FEE2437F44E0042D0EA /* MenuVM.json */,
				B4E64FF6243801610042D0EA /* ResultsVM.json */,
				B4E64FFE2438063F0042D0EA /* SettingsVM.json */,
			);
			path = type.trainer.Tests;
			sourceTree = "<group>";
		};
/* End PBXGroup section */

/* Begin PBXNativeTarget section */
		B4010C631B3E08C5000DF339 /* type.trainer */ = {
			isa = PBXNativeTarget;
			buildConfigurationList = B4010C871B3E08C5000DF339 /* Build configuration list for PBXNativeTarget "type.trainer" */;
			buildPhases = (
				B4010C601B3E08C5000DF339 /* Sources */,
				B4010C611B3E08C5000DF339 /* Frameworks */,
				B4010C621B3E08C5000DF339 /* Resources */,
			);
			buildRules = (
			);
			dependencies = (
			);
			name = type.trainer;
			productName = type.trainer;
			productReference = B4010C641B3E08C5000DF339 /* type.trainer.app */;
			productType = "com.apple.product-type.application";
		};
		B4C07C232435FBCC004EEDE1 /* type.trainer.UITests */ = {
			isa = PBXNativeTarget;
			buildConfigurationList = B4C07C2D2435FBCC004EEDE1 /* Build configuration list for PBXNativeTarget "type.trainer.UITests" */;
			buildPhases = (
				B4C07C202435FBCC004EEDE1 /* Sources */,
				B4C07C212435FBCC004EEDE1 /* Frameworks */,
				B4C07C222435FBCC004EEDE1 /* Resources */,
			);
			buildRules = (
			);
			dependencies = (
				B4C07C2A2435FBCC004EEDE1 /* PBXTargetDependency */,
			);
			name = type.trainer.UITests;
			productName = type.trainer.UITests;
			productReference = B4C07C242435FBCC004EEDE1 /* type.trainer.UITests.xctest */;
			productType = "com.apple.product-type.bundle.ui-testing";
		};
		B4C07C312435FBF8004EEDE1 /* type.trainer.Tests */ = {
			isa = PBXNativeTarget;
			buildConfigurationList = B4C07C392435FBF8004EEDE1 /* Build configuration list for PBXNativeTarget "type.trainer.Tests" */;
			buildPhases = (
				B4C07C2E2435FBF8004EEDE1 /* Sources */,
				B4C07C2F2435FBF8004EEDE1 /* Frameworks */,
				B4C07C302435FBF8004EEDE1 /* Resources */,
			);
			buildRules = (
			);
			dependencies = (
				B4C07C382435FBF8004EEDE1 /* PBXTargetDependency */,
			);
			name = type.trainer.Tests;
			productName = type.trainer.Tests;
			productReference = B4C07C322435FBF8004EEDE1 /* type.trainer.Tests.xctest */;
			productType = "com.apple.product-type.bundle.unit-test";
		};
/* End PBXNativeTarget section */

/* Begin PBXProject section */
		B4010C5C1B3E08C4000DF339 /* Project object */ = {
			isa = PBXProject;
			attributes = {
				LastSwiftUpdateCheck = 1140;
				LastUpgradeCheck = 1140;
				ORGANIZATIONNAME = Suricatum;
				TargetAttributes = {
					B4010C631B3E08C5000DF339 = {
						CreatedOnToolsVersion = 6.3.2;
						DevelopmentTeam = HVARA599XL;
						LastSwiftMigration = 1140;
						ProvisioningStyle = Automatic;
						SystemCapabilities = {
							com.apple.GameCenter = {
								enabled = 1;
							};
						};
					};
					B4C07C232435FBCC004EEDE1 = {
						CreatedOnToolsVersion = 11.4;
						DevelopmentTeam = HVARA599XL;
						ProvisioningStyle = Automatic;
						TestTargetID = B4010C631B3E08C5000DF339;
					};
					B4C07C312435FBF8004EEDE1 = {
						CreatedOnToolsVersion = 11.4;
						DevelopmentTeam = HVARA599XL;
						ProvisioningStyle = Automatic;
						TestTargetID = B4010C631B3E08C5000DF339;
					};
				};
			};
			buildConfigurationList = B4010C5F1B3E08C4000DF339 /* Build configuration list for PBXProject "type.trainer" */;
			compatibilityVersion = "Xcode 3.2";
			developmentRegion = en;
			hasScannedForEncodings = 0;
			knownRegions = (
				en,
				Base,
				ru,
			);
			mainGroup = B4010C5B1B3E08C4000DF339;
			productRefGroup = B4010C651B3E08C5000DF339 /* Products */;
			projectDirPath = "";
			projectRoot = "";
			targets = (
				B4010C631B3E08C5000DF339 /* type.trainer */,
				B4C07C312435FBF8004EEDE1 /* type.trainer.Tests */,
				B4C07C232435FBCC004EEDE1 /* type.trainer.UITests */,
			);
		};
/* End PBXProject section */

/* Begin PBXResourcesBuildPhase section */
		B4010C621B3E08C5000DF339 /* Resources */ = {
			isa = PBXResourcesBuildPhase;
			buildActionMask = 2147483647;
			files = (
				B4066EC2235376D50068954C /* launch_bg@2x.png in Resources */,
				B4388EFD2433910A0082E406 /* TypingVC.xib in Resources */,
				B4504F552353476A002F9C7D /* Tock.caf in Resources */,
				B4504F5B2353476A002F9C7D /* Images.xcassets in Resources */,
				B4504F372353476A002F9C7D /* Localizable.strings in Resources */,
				B4B7D2CD23534B6900CE09DB /* Localizable.stringsdict in Resources */,
				B4066EC5235377EC0068954C /* Launch Screen.storyboard in Resources */,
				B4066EC3235376D50068954C /* launch_logo@2x.png in Resources */,
				B4504F562353476A002F9C7D /* click.wav in Resources */,
				B4504F592353476A002F9C7D /* new_rank.wav in Resources */,
				B422984B2353A393006AC356 /* Levels.plist in Resources */,
				B4C34E662433738D004C6C54 /* ResultsVC.xib in Resources */,
				B43E4E08242F921000050E19 /* CurrentWordView.xib in Resources */,
				B4C34E56243154A4004C6C54 /* MenuVC.xib in Resources */,
				B4504F572353476A002F9C7D /* error.wav in Resources */,
				B4C4CED324301EAA00D38688 /* Colors.xcassets in Resources */,
				B4C34E5A24315F81004C6C54 /* SettingsVC.xib in Resources */,
				B4504F582353476A002F9C7D /* new_result.wav in Resources */,
				B4504F382353476A002F9C7D /* InfoPlist.strings in Resources */,
			);
			runOnlyForDeploymentPostprocessing = 0;
		};
		B4C07C222435FBCC004EEDE1 /* Resources */ = {
			isa = PBXResourcesBuildPhase;
			buildActionMask = 2147483647;
			files = (
			);
			runOnlyForDeploymentPostprocessing = 0;
		};
		B4C07C302435FBF8004EEDE1 /* Resources */ = {
			isa = PBXResourcesBuildPhase;
			buildActionMask = 2147483647;
			files = (
				B4E64FEC2437F44E0042D0EA /* MenuVM.json in Resources */,
				B4E64FFC2438063F0042D0EA /* SettingsVM.json in Resources */,
				B4E64FF4243801610042D0EA /* ResultsVM.json in Resources */,
			);
			runOnlyForDeploymentPostprocessing = 0;
		};
/* End PBXResourcesBuildPhase section */

/* Begin PBXSourcesBuildPhase section */
		B4010C601B3E08C5000DF339 /* Sources */ = {
			isa = PBXSourcesBuildPhase;
			buildActionMask = 2147483647;
			files = (
				B4388F0E2434BBFE0082E406 /* UIAlertController+Extra.swift in Sources */,
				B46D6969243515500088F1B7 /* AppCoordinator.swift in Sources */,
				B46D696F243554910088F1B7 /* Level.swift in Sources */,
				B4C34E5E243254ED004C6C54 /* UserDefaults+Extra.swift in Sources */,
				B4C34E6824337B71004C6C54 /* ResultsVM.swift in Sources */,
				B4388F0C2434B96B0082E406 /* UIColor+Extra.swift in Sources */,
				B46D69652434DAE50088F1B7 /* LeaderboardService.swift in Sources */,
				B47742232430FE9B00E1062A /* MenuVC.swift in Sources */,
				B4C34E652433738D004C6C54 /* ResultsVC.swift in Sources */,
				B46D69672434E5190088F1B7 /* ResultProvider.swift in Sources */,
				B4C34E602433583C004C6C54 /* LevelProvider.swift in Sources */,
				B4C34E5C243248FB004C6C54 /* SettingsVM.swift in Sources */,
				B4388F042433A9ED0082E406 /* TextView.swift in Sources */,
				B46D69612434CF280088F1B7 /* SoundService.swift in Sources */,
				B4388F062433B2C80082E406 /* TypingVM.swift in Sources */,
				B4388F082433C07D0082E406 /* String+Extra.swift in Sources */,
				B4388F102434C28C0082E406 /* AppDelegate.swift in Sources */,
				B4388EFF2433A4810082E406 /* CurrentWordView.swift in Sources */,
				B4C34E5924315F81004C6C54 /* SettingsVC.swift in Sources */,
				B46D696B2435510B0088F1B7 /* LevelResult.swift in Sources */,
				B4388EFC2433910A0082E406 /* TypingVC.swift in Sources */,
				B4C34E5424314990004C6C54 /* MenuVM.swift in Sources */,
				B4388F0A243408C00082E406 /* UIScreen+Extra.swift in Sources */,
				B46D69632434D6520088F1B7 /* ReminderService.swift in Sources */,
			);
			runOnlyForDeploymentPostprocessing = 0;
		};
		B4C07C202435FBCC004EEDE1 /* Sources */ = {
			isa = PBXSourcesBuildPhase;
			buildActionMask = 2147483647;
			files = (
				B4C07C272435FBCC004EEDE1 /* type_trainer_UITests.swift in Sources */,
			);
			runOnlyForDeploymentPostprocessing = 0;
		};
		B4C07C2E2435FBF8004EEDE1 /* Sources */ = {
			isa = PBXSourcesBuildPhase;
			buildActionMask = 2147483647;
			files = (
				B4C07C3F243630D9004EEDE1 /* LevelResult_Tests.swift in Sources */,
				B4F11B6D2437512700DD3A8C /* ResultProvider_Tests.swift in Sources */,
				B4F3A4672437A0230088C167 /* LevelProvider_Tests.swift in Sources */,
				B4E64FE92437EBA30042D0EA /* TestHelper.swift in Sources */,
				B4E64FF12437FDB80042D0EA /* ResultsVM_Tests.swift in Sources */,
				B4C07C352435FBF8004EEDE1 /* Level_Tests.swift in Sources */,
				B4C07C3D24361ACD004EEDE1 /* MenuVM_Tests.swift in Sources */,
				B4E64FF9243803AB0042D0EA /* SettingsVM_Tests.swift in Sources */,
			);
			runOnlyForDeploymentPostprocessing = 0;
		};
/* End PBXSourcesBuildPhase section */

/* Begin PBXTargetDependency section */
		B4C07C2A2435FBCC004EEDE1 /* PBXTargetDependency */ = {
			isa = PBXTargetDependency;
			target = B4010C631B3E08C5000DF339 /* type.trainer */;
			targetProxy = B4C07C292435FBCC004EEDE1 /* PBXContainerItemProxy */;
		};
		B4C07C382435FBF8004EEDE1 /* PBXTargetDependency */ = {
			isa = PBXTargetDependency;
			target = B4010C631B3E08C5000DF339 /* type.trainer */;
			targetProxy = B4C07C372435FBF8004EEDE1 /* PBXContainerItemProxy */;
		};
/* End PBXTargetDependency section */

/* Begin PBXVariantGroup section */
		B4504EF12353476A002F9C7D /* Localizable.strings */ = {
			isa = PBXVariantGroup;
			children = (
				B4504EF22353476A002F9C7D /* en */,
				B4504F1A2353476A002F9C7D /* ru */,
			);
			name = Localizable.strings;
			sourceTree = "<group>";
		};
		B4504EF32353476A002F9C7D /* InfoPlist.strings */ = {
			isa = PBXVariantGroup;
			children = (
				B4504EF42353476A002F9C7D /* en */,
				B4504F1B2353476A002F9C7D /* ru */,
			);
			name = InfoPlist.strings;
			sourceTree = "<group>";
		};
		B4B7D2CF23534B6900CE09DB /* Localizable.stringsdict */ = {
			isa = PBXVariantGroup;
			children = (
				B4B7D2CE23534B6900CE09DB /* en */,
				B4B7D2D023534B7200CE09DB /* ru */,
			);
			name = Localizable.stringsdict;
			sourceTree = "<group>";
		};
		B4E64FEE2437F44E0042D0EA /* MenuVM.json */ = {
			isa = PBXVariantGroup;
			children = (
				B4E64FED2437F44E0042D0EA /* en */,
				B4E64FEF2437F4560042D0EA /* ru */,
			);
			name = MenuVM.json;
			sourceTree = "<group>";
		};
		B4E64FF6243801610042D0EA /* ResultsVM.json */ = {
			isa = PBXVariantGroup;
			children = (
				B4E64FF5243801610042D0EA /* en */,
				B4E64FF7243801660042D0EA /* ru */,
			);
			name = ResultsVM.json;
			sourceTree = "<group>";
		};
		B4E64FFE2438063F0042D0EA /* SettingsVM.json */ = {
			isa = PBXVariantGroup;
			children = (
				B4E64FFD2438063F0042D0EA /* en */,
				B4E64FFF2438064F0042D0EA /* ru */,
			);
			name = SettingsVM.json;
			sourceTree = "<group>";
		};
/* End PBXVariantGroup section */

/* Begin XCBuildConfiguration section */
		B4010C851B3E08C5000DF339 /* Debug */ = {
			isa = XCBuildConfiguration;
			buildSettings = {
				ALWAYS_SEARCH_USER_PATHS = NO;
				CLANG_ANALYZER_LOCALIZABILITY_NONLOCALIZED = YES;
				CLANG_CXX_LANGUAGE_STANDARD = "gnu++0x";
				CLANG_CXX_LIBRARY = "libc++";
				CLANG_ENABLE_MODULES = YES;
				CLANG_ENABLE_OBJC_ARC = YES;
				CLANG_WARN_BLOCK_CAPTURE_AUTORELEASING = YES;
				CLANG_WARN_BOOL_CONVERSION = YES;
				CLANG_WARN_COMMA = YES;
				CLANG_WARN_CONSTANT_CONVERSION = YES;
				CLANG_WARN_DEPRECATED_OBJC_IMPLEMENTATIONS = YES;
				CLANG_WARN_DIRECT_OBJC_ISA_USAGE = YES_ERROR;
				CLANG_WARN_EMPTY_BODY = YES;
				CLANG_WARN_ENUM_CONVERSION = YES;
				CLANG_WARN_INFINITE_RECURSION = YES;
				CLANG_WARN_INT_CONVERSION = YES;
				CLANG_WARN_NON_LITERAL_NULL_CONVERSION = YES;
				CLANG_WARN_OBJC_IMPLICIT_RETAIN_SELF = YES;
				CLANG_WARN_OBJC_LITERAL_CONVERSION = YES;
				CLANG_WARN_OBJC_ROOT_CLASS = YES_ERROR;
				CLANG_WARN_RANGE_LOOP_ANALYSIS = YES;
				CLANG_WARN_STRICT_PROTOTYPES = YES;
				CLANG_WARN_SUSPICIOUS_MOVE = YES;
				CLANG_WARN_UNREACHABLE_CODE = YES;
				CLANG_WARN__DUPLICATE_METHOD_MATCH = YES;
				"CODE_SIGN_IDENTITY[sdk=iphoneos*]" = "iPhone Developer";
				COPY_PHASE_STRIP = NO;
				DEBUG_INFORMATION_FORMAT = "dwarf-with-dsym";
				ENABLE_STRICT_OBJC_MSGSEND = YES;
				ENABLE_TESTABILITY = YES;
				GCC_C_LANGUAGE_STANDARD = gnu99;
				GCC_DYNAMIC_NO_PIC = NO;
				GCC_NO_COMMON_BLOCKS = YES;
				GCC_OPTIMIZATION_LEVEL = 0;
				GCC_PREPROCESSOR_DEFINITIONS = (
					"DEBUG=1",
					"$(inherited)",
				);
				GCC_SYMBOLS_PRIVATE_EXTERN = NO;
				GCC_WARN_64_TO_32_BIT_CONVERSION = YES;
				GCC_WARN_ABOUT_RETURN_TYPE = YES_ERROR;
				GCC_WARN_UNDECLARED_SELECTOR = YES;
				GCC_WARN_UNINITIALIZED_AUTOS = YES_AGGRESSIVE;
				GCC_WARN_UNUSED_FUNCTION = YES;
				GCC_WARN_UNUSED_VARIABLE = YES;
				IPHONEOS_DEPLOYMENT_TARGET = 8.3;
				MTL_ENABLE_DEBUG_INFO = YES;
				ONLY_ACTIVE_ARCH = YES;
				SDKROOT = iphoneos;
				TARGETED_DEVICE_FAMILY = "1,2";
			};
			name = Debug;
		};
		B4010C861B3E08C5000DF339 /* Release */ = {
			isa = XCBuildConfiguration;
			buildSettings = {
				ALWAYS_SEARCH_USER_PATHS = NO;
				CLANG_ANALYZER_LOCALIZABILITY_NONLOCALIZED = YES;
				CLANG_CXX_LANGUAGE_STANDARD = "gnu++0x";
				CLANG_CXX_LIBRARY = "libc++";
				CLANG_ENABLE_MODULES = YES;
				CLANG_ENABLE_OBJC_ARC = YES;
				CLANG_WARN_BLOCK_CAPTURE_AUTORELEASING = YES;
				CLANG_WARN_BOOL_CONVERSION = YES;
				CLANG_WARN_COMMA = YES;
				CLANG_WARN_CONSTANT_CONVERSION = YES;
				CLANG_WARN_DEPRECATED_OBJC_IMPLEMENTATIONS = YES;
				CLANG_WARN_DIRECT_OBJC_ISA_USAGE = YES_ERROR;
				CLANG_WARN_EMPTY_BODY = YES;
				CLANG_WARN_ENUM_CONVERSION = YES;
				CLANG_WARN_INFINITE_RECURSION = YES;
				CLANG_WARN_INT_CONVERSION = YES;
				CLANG_WARN_NON_LITERAL_NULL_CONVERSION = YES;
				CLANG_WARN_OBJC_IMPLICIT_RETAIN_SELF = YES;
				CLANG_WARN_OBJC_LITERAL_CONVERSION = YES;
				CLANG_WARN_OBJC_ROOT_CLASS = YES_ERROR;
				CLANG_WARN_RANGE_LOOP_ANALYSIS = YES;
				CLANG_WARN_STRICT_PROTOTYPES = YES;
				CLANG_WARN_SUSPICIOUS_MOVE = YES;
				CLANG_WARN_UNREACHABLE_CODE = YES;
				CLANG_WARN__DUPLICATE_METHOD_MATCH = YES;
				"CODE_SIGN_IDENTITY[sdk=iphoneos*]" = "iPhone Developer";
				COPY_PHASE_STRIP = NO;
				DEBUG_INFORMATION_FORMAT = "dwarf-with-dsym";
				ENABLE_NS_ASSERTIONS = NO;
				ENABLE_STRICT_OBJC_MSGSEND = YES;
				GCC_C_LANGUAGE_STANDARD = gnu99;
				GCC_NO_COMMON_BLOCKS = YES;
				GCC_WARN_64_TO_32_BIT_CONVERSION = YES;
				GCC_WARN_ABOUT_RETURN_TYPE = YES_ERROR;
				GCC_WARN_UNDECLARED_SELECTOR = YES;
				GCC_WARN_UNINITIALIZED_AUTOS = YES_AGGRESSIVE;
				GCC_WARN_UNUSED_FUNCTION = YES;
				GCC_WARN_UNUSED_VARIABLE = YES;
				IPHONEOS_DEPLOYMENT_TARGET = 8.3;
				MTL_ENABLE_DEBUG_INFO = NO;
				SDKROOT = iphoneos;
				SWIFT_COMPILATION_MODE = wholemodule;
				TARGETED_DEVICE_FAMILY = "1,2";
				VALIDATE_PRODUCT = YES;
			};
			name = Release;
		};
		B4010C881B3E08C5000DF339 /* Debug */ = {
			isa = XCBuildConfiguration;
			buildSettings = {
				ASSETCATALOG_COMPILER_APPICON_NAME = AppIcon;
				ASSETCATALOG_COMPILER_LAUNCHIMAGE_NAME = "";
				CLANG_ENABLE_MODULES = YES;
				CODE_SIGN_IDENTITY = "iPhone Developer";
				"CODE_SIGN_IDENTITY[sdk=iphoneos*]" = "iPhone Developer";
				CODE_SIGN_STYLE = Automatic;
				CURRENT_PROJECT_VERSION = 11;
				DEFINES_MODULE = YES;
				DEVELOPMENT_TEAM = HVARA599XL;
				ENABLE_BITCODE = NO;
				FRAMEWORK_SEARCH_PATHS = (
					"$(inherited)",
					"$(PROJECT_DIR)/type.trainer",
				);
				INFOPLIST_FILE = type.trainer/Resources/Info.plist;
				IPHONEOS_DEPLOYMENT_TARGET = 13.0;
				LD_RUNPATH_SEARCH_PATHS = "$(inherited) @executable_path/Frameworks";
				LIBRARY_SEARCH_PATHS = "$(inherited)";
				MARKETING_VERSION = 1.2;
				ONLY_ACTIVE_ARCH = YES;
				PRODUCT_BUNDLE_IDENTIFIER = "com.suricatum.$(PRODUCT_NAME:rfc1034identifier)";
				PRODUCT_NAME = "$(TARGET_NAME)";
				PROVISIONING_PROFILE = "";
				PROVISIONING_PROFILE_SPECIFIER = "";
				SWIFT_OBJC_BRIDGING_HEADER = "";
				SWIFT_OPTIMIZATION_LEVEL = "-Onone";
				SWIFT_VERSION = 5.0;
				TARGETED_DEVICE_FAMILY = 1;
			};
			name = Debug;
		};
		B4010C891B3E08C5000DF339 /* Release */ = {
			isa = XCBuildConfiguration;
			buildSettings = {
				ASSETCATALOG_COMPILER_APPICON_NAME = AppIcon;
				ASSETCATALOG_COMPILER_LAUNCHIMAGE_NAME = "";
				CLANG_ENABLE_MODULES = YES;
				CODE_SIGN_IDENTITY = "iPhone Developer";
				"CODE_SIGN_IDENTITY[sdk=iphoneos*]" = "iPhone Developer";
				CODE_SIGN_STYLE = Automatic;
				CURRENT_PROJECT_VERSION = 11;
				DEFINES_MODULE = YES;
				DEVELOPMENT_TEAM = HVARA599XL;
				ENABLE_BITCODE = NO;
				FRAMEWORK_SEARCH_PATHS = (
					"$(inherited)",
					"$(PROJECT_DIR)/type.trainer",
				);
				INFOPLIST_FILE = type.trainer/Resources/Info.plist;
				IPHONEOS_DEPLOYMENT_TARGET = 13.0;
				LD_RUNPATH_SEARCH_PATHS = "$(inherited) @executable_path/Frameworks";
				LIBRARY_SEARCH_PATHS = "$(inherited)";
				MARKETING_VERSION = 1.2;
				PRODUCT_BUNDLE_IDENTIFIER = "com.suricatum.$(PRODUCT_NAME:rfc1034identifier)";
				PRODUCT_NAME = "$(TARGET_NAME)";
				PROVISIONING_PROFILE = "";
				PROVISIONING_PROFILE_SPECIFIER = "";
				SWIFT_OBJC_BRIDGING_HEADER = "";
				SWIFT_VERSION = 5.0;
				TARGETED_DEVICE_FAMILY = 1;
			};
			name = Release;
		};
		B4C07C2B2435FBCC004EEDE1 /* Debug */ = {
			isa = XCBuildConfiguration;
			buildSettings = {
				CLANG_ANALYZER_NONNULL = YES;
				CLANG_ANALYZER_NUMBER_OBJECT_CONVERSION = YES_AGGRESSIVE;
				CLANG_CXX_LANGUAGE_STANDARD = "gnu++14";
				CLANG_ENABLE_OBJC_WEAK = YES;
				CLANG_WARN_DOCUMENTATION_COMMENTS = YES;
				CLANG_WARN_UNGUARDED_AVAILABILITY = YES_AGGRESSIVE;
				CODE_SIGN_STYLE = Automatic;
				DEBUG_INFORMATION_FORMAT = dwarf;
				DEVELOPMENT_TEAM = HVARA599XL;
				GCC_C_LANGUAGE_STANDARD = gnu11;
				INFOPLIST_FILE = type.trainer.UITests/Info.plist;
				IPHONEOS_DEPLOYMENT_TARGET = 13.4;
				LD_RUNPATH_SEARCH_PATHS = "$(inherited) @executable_path/Frameworks @loader_path/Frameworks";
				MTL_ENABLE_DEBUG_INFO = INCLUDE_SOURCE;
				MTL_FAST_MATH = YES;
				PRODUCT_BUNDLE_IDENTIFIER = "com.squatch.type-trainer-UITests";
				PRODUCT_NAME = "$(TARGET_NAME)";
				SWIFT_ACTIVE_COMPILATION_CONDITIONS = DEBUG;
				SWIFT_OPTIMIZATION_LEVEL = "-Onone";
				SWIFT_VERSION = 5.0;
				TARGETED_DEVICE_FAMILY = "1,2";
				TEST_TARGET_NAME = type.trainer;
			};
			name = Debug;
		};
		B4C07C2C2435FBCC004EEDE1 /* Release */ = {
			isa = XCBuildConfiguration;
			buildSettings = {
				CLANG_ANALYZER_NONNULL = YES;
				CLANG_ANALYZER_NUMBER_OBJECT_CONVERSION = YES_AGGRESSIVE;
				CLANG_CXX_LANGUAGE_STANDARD = "gnu++14";
				CLANG_ENABLE_OBJC_WEAK = YES;
				CLANG_WARN_DOCUMENTATION_COMMENTS = YES;
				CLANG_WARN_UNGUARDED_AVAILABILITY = YES_AGGRESSIVE;
				CODE_SIGN_STYLE = Automatic;
				DEVELOPMENT_TEAM = HVARA599XL;
				GCC_C_LANGUAGE_STANDARD = gnu11;
				INFOPLIST_FILE = type.trainer.UITests/Info.plist;
				IPHONEOS_DEPLOYMENT_TARGET = 13.4;
				LD_RUNPATH_SEARCH_PATHS = "$(inherited) @executable_path/Frameworks @loader_path/Frameworks";
				MTL_FAST_MATH = YES;
				PRODUCT_BUNDLE_IDENTIFIER = "com.squatch.type-trainer-UITests";
				PRODUCT_NAME = "$(TARGET_NAME)";
				SWIFT_OPTIMIZATION_LEVEL = "-O";
				SWIFT_VERSION = 5.0;
				TARGETED_DEVICE_FAMILY = "1,2";
				TEST_TARGET_NAME = type.trainer;
			};
			name = Release;
		};
		B4C07C3A2435FBF8004EEDE1 /* Debug */ = {
			isa = XCBuildConfiguration;
			buildSettings = {
				BUNDLE_LOADER = "$(TEST_HOST)";
				CLANG_ANALYZER_NONNULL = YES;
				CLANG_ANALYZER_NUMBER_OBJECT_CONVERSION = YES_AGGRESSIVE;
				CLANG_CXX_LANGUAGE_STANDARD = "gnu++14";
				CLANG_ENABLE_OBJC_WEAK = YES;
				CLANG_WARN_DOCUMENTATION_COMMENTS = YES;
				CLANG_WARN_UNGUARDED_AVAILABILITY = YES_AGGRESSIVE;
				CODE_SIGN_STYLE = Automatic;
				DEBUG_INFORMATION_FORMAT = dwarf;
				DEVELOPMENT_TEAM = HVARA599XL;
				GCC_C_LANGUAGE_STANDARD = gnu11;
				INFOPLIST_FILE = type.trainer.Tests/Info.plist;
				IPHONEOS_DEPLOYMENT_TARGET = 13.4;
				LD_RUNPATH_SEARCH_PATHS = "$(inherited) @executable_path/Frameworks @loader_path/Frameworks";
				MTL_ENABLE_DEBUG_INFO = INCLUDE_SOURCE;
				MTL_FAST_MATH = YES;
				PRODUCT_BUNDLE_IDENTIFIER = "com.squatch.type-trainer-Tests";
				PRODUCT_NAME = "$(TARGET_NAME)";
				SWIFT_ACTIVE_COMPILATION_CONDITIONS = DEBUG;
				SWIFT_OPTIMIZATION_LEVEL = "-Onone";
				SWIFT_VERSION = 5.0;
				TARGETED_DEVICE_FAMILY = "1,2";
				TEST_HOST = "$(BUILT_PRODUCTS_DIR)/type.trainer.app/type.trainer";
			};
			name = Debug;
		};
		B4C07C3B2435FBF8004EEDE1 /* Release */ = {
			isa = XCBuildConfiguration;
			buildSettings = {
				BUNDLE_LOADER = "$(TEST_HOST)";
				CLANG_ANALYZER_NONNULL = YES;
				CLANG_ANALYZER_NUMBER_OBJECT_CONVERSION = YES_AGGRESSIVE;
				CLANG_CXX_LANGUAGE_STANDARD = "gnu++14";
				CLANG_ENABLE_OBJC_WEAK = YES;
				CLANG_WARN_DOCUMENTATION_COMMENTS = YES;
				CLANG_WARN_UNGUARDED_AVAILABILITY = YES_AGGRESSIVE;
				CODE_SIGN_STYLE = Automatic;
				DEVELOPMENT_TEAM = HVARA599XL;
				GCC_C_LANGUAGE_STANDARD = gnu11;
				INFOPLIST_FILE = type.trainer.Tests/Info.plist;
				IPHONEOS_DEPLOYMENT_TARGET = 13.4;
				LD_RUNPATH_SEARCH_PATHS = "$(inherited) @executable_path/Frameworks @loader_path/Frameworks";
				MTL_FAST_MATH = YES;
				PRODUCT_BUNDLE_IDENTIFIER = "com.squatch.type-trainer-Tests";
				PRODUCT_NAME = "$(TARGET_NAME)";
				SWIFT_OPTIMIZATION_LEVEL = "-O";
				SWIFT_VERSION = 5.0;
				TARGETED_DEVICE_FAMILY = "1,2";
				TEST_HOST = "$(BUILT_PRODUCTS_DIR)/type.trainer.app/type.trainer";
			};
			name = Release;
		};
/* End XCBuildConfiguration section */

/* Begin XCConfigurationList section */
		B4010C5F1B3E08C4000DF339 /* Build configuration list for PBXProject "type.trainer" */ = {
			isa = XCConfigurationList;
			buildConfigurations = (
				B4010C851B3E08C5000DF339 /* Debug */,
				B4010C861B3E08C5000DF339 /* Release */,
			);
			defaultConfigurationIsVisible = 0;
			defaultConfigurationName = Release;
		};
		B4010C871B3E08C5000DF339 /* Build configuration list for PBXNativeTarget "type.trainer" */ = {
			isa = XCConfigurationList;
			buildConfigurations = (
				B4010C881B3E08C5000DF339 /* Debug */,
				B4010C891B3E08C5000DF339 /* Release */,
			);
			defaultConfigurationIsVisible = 0;
			defaultConfigurationName = Release;
		};
		B4C07C2D2435FBCC004EEDE1 /* Build configuration list for PBXNativeTarget "type.trainer.UITests" */ = {
			isa = XCConfigurationList;
			buildConfigurations = (
				B4C07C2B2435FBCC004EEDE1 /* Debug */,
				B4C07C2C2435FBCC004EEDE1 /* Release */,
			);
			defaultConfigurationIsVisible = 0;
			defaultConfigurationName = Release;
		};
		B4C07C392435FBF8004EEDE1 /* Build configuration list for PBXNativeTarget "type.trainer.Tests" */ = {
			isa = XCConfigurationList;
			buildConfigurations = (
				B4C07C3A2435FBF8004EEDE1 /* Debug */,
				B4C07C3B2435FBF8004EEDE1 /* Release */,
			);
			defaultConfigurationIsVisible = 0;
			defaultConfigurationName = Release;
		};
/* End XCConfigurationList section */
	};
	rootObject = B4010C5C1B3E08C4000DF339 /* Project object */;
}
