// !$*UTF8*$!
{
	archiveVersion = 1;
	classes = {
	};
	objectVersion = 46;
	objects = {

/* Begin PBXBuildFile section */
		B4010C841B3E08C5000DF339 /* type_trainerTests.m in Sources */ = {isa = PBXBuildFile; fileRef = B4010C831B3E08C5000DF339 /* type_trainerTests.m */; };
		B4066EC2235376D50068954C /* launch_bg@2x.png in Resources */ = {isa = PBXBuildFile; fileRef = B4066EC0235376D50068954C /* launch_bg@2x.png */; };
		B4066EC3235376D50068954C /* launch_logo@2x.png in Resources */ = {isa = PBXBuildFile; fileRef = B4066EC1235376D50068954C /* launch_logo@2x.png */; };
		B4066EC5235377EC0068954C /* Launch Screen.storyboard in Resources */ = {isa = PBXBuildFile; fileRef = B4066EC4235377EC0068954C /* Launch Screen.storyboard */; };
		B422984B2353A393006AC356 /* Levels.plist in Resources */ = {isa = PBXBuildFile; fileRef = B422984A2353A393006AC356 /* Levels.plist */; };
		B43E4E06242EB7D000050E19 /* NSMutableString+Extra.m in Sources */ = {isa = PBXBuildFile; fileRef = B43E4E05242EB7D000050E19 /* NSMutableString+Extra.m */; };
		B43E4E08242F921000050E19 /* CurrentWordView.xib in Resources */ = {isa = PBXBuildFile; fileRef = B43E4E07242F921000050E19 /* CurrentWordView.xib */; };
		B43E4E0E242F943700050E19 /* CurrentWordView.m in Sources */ = {isa = PBXBuildFile; fileRef = B43E4E0D242F943700050E19 /* CurrentWordView.m */; };
		B43E4E11242F94E200050E19 /* UINib+TFViews.m in Sources */ = {isa = PBXBuildFile; fileRef = B43E4E10242F94E200050E19 /* UINib+TFViews.m */; };
		B4457CB61B56BFA6003C27A9 /* AVFoundation.framework in Frameworks */ = {isa = PBXBuildFile; fileRef = B4457CB51B56BFA6003C27A9 /* AVFoundation.framework */; };
		B4504F1F2353476A002F9C7D /* TFToken.m in Sources */ = {isa = PBXBuildFile; fileRef = B4504EC02353476A002F9C7D /* TFToken.m */; };
		B4504F202353476A002F9C7D /* TFLevel.m in Sources */ = {isa = PBXBuildFile; fileRef = B4504EC12353476A002F9C7D /* TFLevel.m */; };
		B4504F212353476A002F9C7D /* TFSessionResult.m in Sources */ = {isa = PBXBuildFile; fileRef = B4504EC22353476A002F9C7D /* TFSessionResult.m */; };
		B4504F222353476A002F9C7D /* NSString+Extra.m in Sources */ = {isa = PBXBuildFile; fileRef = B4504EC42353476A002F9C7D /* NSString+Extra.m */; };
		B4504F232353476A002F9C7D /* UIAlertController+Alerts.m in Sources */ = {isa = PBXBuildFile; fileRef = B4504EC52353476A002F9C7D /* UIAlertController+Alerts.m */; };
		B4504F242353476A002F9C7D /* UIStoryboard+TFControllers.m in Sources */ = {isa = PBXBuildFile; fileRef = B4504EC72353476A002F9C7D /* UIStoryboard+TFControllers.m */; };
		B4504F252353476A002F9C7D /* UIColor+TFColors.m in Sources */ = {isa = PBXBuildFile; fileRef = B4504ECA2353476A002F9C7D /* UIColor+TFColors.m */; };
		B4504F262353476A002F9C7D /* TFTypingVM.m in Sources */ = {isa = PBXBuildFile; fileRef = B4504ECD2353476A002F9C7D /* TFTypingVM.m */; };
		B4504F272353476A002F9C7D /* TFSettingsVM.m in Sources */ = {isa = PBXBuildFile; fileRef = B4504ECE2353476A002F9C7D /* TFSettingsVM.m */; };
		B4504F282353476A002F9C7D /* TFResultsVM.m in Sources */ = {isa = PBXBuildFile; fileRef = B4504ECF2353476A002F9C7D /* TFResultsVM.m */; };
		B4504F292353476A002F9C7D /* TFMenuVM.m in Sources */ = {isa = PBXBuildFile; fileRef = B4504ED02353476A002F9C7D /* TFMenuVM.m */; };
		B4504F2A2353476A002F9C7D /* TFSettingsVC.m in Sources */ = {isa = PBXBuildFile; fileRef = B4504ED62353476A002F9C7D /* TFSettingsVC.m */; };
		B4504F2B2353476A002F9C7D /* TFResultsVC.m in Sources */ = {isa = PBXBuildFile; fileRef = B4504ED72353476A002F9C7D /* TFResultsVC.m */; };
		B4504F2C2353476A002F9C7D /* TFTypingVC.m in Sources */ = {isa = PBXBuildFile; fileRef = B4504ED82353476A002F9C7D /* TFTypingVC.m */; };
		B4504F2D2353476A002F9C7D /* TFMenuVC.m in Sources */ = {isa = PBXBuildFile; fileRef = B4504ED92353476A002F9C7D /* TFMenuVC.m */; };
		B4504F2E2353476A002F9C7D /* TFLeaderboardService.m in Sources */ = {isa = PBXBuildFile; fileRef = B4504EE02353476A002F9C7D /* TFLeaderboardService.m */; };
		B4504F2F2353476A002F9C7D /* TFAppDelegate.m in Sources */ = {isa = PBXBuildFile; fileRef = B4504EE32353476A002F9C7D /* TFAppDelegate.m */; };
		B4504F302353476A002F9C7D /* TFNotificationService.m in Sources */ = {isa = PBXBuildFile; fileRef = B4504EE42353476A002F9C7D /* TFNotificationService.m */; };
		B4504F312353476A002F9C7D /* TFSoundService.m in Sources */ = {isa = PBXBuildFile; fileRef = B4504EE52353476A002F9C7D /* TFSoundService.m */; };
		B4504F322353476A002F9C7D /* TFLevelProvider.m in Sources */ = {isa = PBXBuildFile; fileRef = B4504EE62353476A002F9C7D /* TFLevelProvider.m */; };
		B4504F332353476A002F9C7D /* TFResultProvider.m in Sources */ = {isa = PBXBuildFile; fileRef = B4504EE82353476A002F9C7D /* TFResultProvider.m */; };
		B4504F342353476A002F9C7D /* TFAppCoordinator.m in Sources */ = {isa = PBXBuildFile; fileRef = B4504EE92353476A002F9C7D /* TFAppCoordinator.m */; };
		B4504F362353476A002F9C7D /* Main.storyboard in Resources */ = {isa = PBXBuildFile; fileRef = B4504EEF2353476A002F9C7D /* Main.storyboard */; };
		B4504F372353476A002F9C7D /* Localizable.strings in Resources */ = {isa = PBXBuildFile; fileRef = B4504EF12353476A002F9C7D /* Localizable.strings */; };
		B4504F382353476A002F9C7D /* InfoPlist.strings in Resources */ = {isa = PBXBuildFile; fileRef = B4504EF32353476A002F9C7D /* InfoPlist.strings */; };
		B4504F552353476A002F9C7D /* Tock.caf in Resources */ = {isa = PBXBuildFile; fileRef = B4504F132353476A002F9C7D /* Tock.caf */; };
		B4504F562353476A002F9C7D /* click.wav in Resources */ = {isa = PBXBuildFile; fileRef = B4504F142353476A002F9C7D /* click.wav */; };
		B4504F572353476A002F9C7D /* error.wav in Resources */ = {isa = PBXBuildFile; fileRef = B4504F152353476A002F9C7D /* error.wav */; };
		B4504F582353476A002F9C7D /* new_result.wav in Resources */ = {isa = PBXBuildFile; fileRef = B4504F162353476A002F9C7D /* new_result.wav */; };
		B4504F592353476A002F9C7D /* new_rank.wav in Resources */ = {isa = PBXBuildFile; fileRef = B4504F172353476A002F9C7D /* new_rank.wav */; };
		B4504F5A2353476A002F9C7D /* main.m in Sources */ = {isa = PBXBuildFile; fileRef = B4504F182353476A002F9C7D /* main.m */; };
		B4504F5B2353476A002F9C7D /* Images.xcassets in Resources */ = {isa = PBXBuildFile; fileRef = B4504F192353476A002F9C7D /* Images.xcassets */; };
		B45E7A4F1B504090006C3A67 /* GameKit.framework in Frameworks */ = {isa = PBXBuildFile; fileRef = B45E7A4E1B504090006C3A67 /* GameKit.framework */; };
		B4B7D2CD23534B6900CE09DB /* Localizable.stringsdict in Resources */ = {isa = PBXBuildFile; fileRef = B4B7D2CF23534B6900CE09DB /* Localizable.stringsdict */; };
/* End PBXBuildFile section */

/* Begin PBXContainerItemProxy section */
		B4010C7E1B3E08C5000DF339 /* PBXContainerItemProxy */ = {
			isa = PBXContainerItemProxy;
			containerPortal = B4010C5C1B3E08C4000DF339 /* Project object */;
			proxyType = 1;
			remoteGlobalIDString = B4010C631B3E08C5000DF339;
			remoteInfo = type.trainer;
		};
/* End PBXContainerItemProxy section */

/* Begin PBXFileReference section */
		B4010C641B3E08C5000DF339 /* type.trainer.app */ = {isa = PBXFileReference; explicitFileType = wrapper.application; includeInIndex = 0; path = type.trainer.app; sourceTree = BUILT_PRODUCTS_DIR; };
		B4010C7D1B3E08C5000DF339 /* type.trainerTests.xctest */ = {isa = PBXFileReference; explicitFileType = wrapper.cfbundle; includeInIndex = 0; path = type.trainerTests.xctest; sourceTree = BUILT_PRODUCTS_DIR; };
		B4010C821B3E08C5000DF339 /* Info.plist */ = {isa = PBXFileReference; lastKnownFileType = text.plist.xml; path = Info.plist; sourceTree = "<group>"; };
		B4010C831B3E08C5000DF339 /* type_trainerTests.m */ = {isa = PBXFileReference; lastKnownFileType = sourcecode.c.objc; path = type_trainerTests.m; sourceTree = "<group>"; };
		B4066EC0235376D50068954C /* launch_bg@2x.png */ = {isa = PBXFileReference; lastKnownFileType = image.png; path = "launch_bg@2x.png"; sourceTree = "<group>"; };
		B4066EC1235376D50068954C /* launch_logo@2x.png */ = {isa = PBXFileReference; lastKnownFileType = image.png; path = "launch_logo@2x.png"; sourceTree = "<group>"; };
		B4066EC4235377EC0068954C /* Launch Screen.storyboard */ = {isa = PBXFileReference; lastKnownFileType = file.storyboard; path = "Launch Screen.storyboard"; sourceTree = "<group>"; };
		B422984A2353A393006AC356 /* Levels.plist */ = {isa = PBXFileReference; fileEncoding = 4; lastKnownFileType = text.plist.xml; name = Levels.plist; path = ../Model/Levels.plist; sourceTree = "<group>"; };
		B43E4E04242EB7D000050E19 /* NSMutableString+Extra.h */ = {isa = PBXFileReference; lastKnownFileType = sourcecode.c.h; path = "NSMutableString+Extra.h"; sourceTree = "<group>"; };
		B43E4E05242EB7D000050E19 /* NSMutableString+Extra.m */ = {isa = PBXFileReference; lastKnownFileType = sourcecode.c.objc; path = "NSMutableString+Extra.m"; sourceTree = "<group>"; };
		B43E4E07242F921000050E19 /* CurrentWordView.xib */ = {isa = PBXFileReference; lastKnownFileType = file.xib; path = CurrentWordView.xib; sourceTree = "<group>"; };
		B43E4E09242F940400050E19 /* type.trainer-Bridging-Header.h */ = {isa = PBXFileReference; lastKnownFileType = sourcecode.c.h; path = "type.trainer-Bridging-Header.h"; sourceTree = "<group>"; };
		B43E4E0C242F943700050E19 /* CurrentWordView.h */ = {isa = PBXFileReference; lastKnownFileType = sourcecode.c.h; path = CurrentWordView.h; sourceTree = "<group>"; };
		B43E4E0D242F943700050E19 /* CurrentWordView.m */ = {isa = PBXFileReference; lastKnownFileType = sourcecode.c.objc; path = CurrentWordView.m; sourceTree = "<group>"; };
		B43E4E0F242F94E200050E19 /* UINib+TFViews.h */ = {isa = PBXFileReference; lastKnownFileType = sourcecode.c.h; path = "UINib+TFViews.h"; sourceTree = "<group>"; };
		B43E4E10242F94E200050E19 /* UINib+TFViews.m */ = {isa = PBXFileReference; lastKnownFileType = sourcecode.c.objc; path = "UINib+TFViews.m"; sourceTree = "<group>"; };
		B4457CB51B56BFA6003C27A9 /* AVFoundation.framework */ = {isa = PBXFileReference; lastKnownFileType = wrapper.framework; name = AVFoundation.framework; path = System/Library/Frameworks/AVFoundation.framework; sourceTree = SDKROOT; };
		B4504EBC2353476A002F9C7D /* TFToken.h */ = {isa = PBXFileReference; fileEncoding = 4; lastKnownFileType = sourcecode.c.h; path = TFToken.h; sourceTree = "<group>"; };
		B4504EBD2353476A002F9C7D /* TFSessionResult.h */ = {isa = PBXFileReference; fileEncoding = 4; lastKnownFileType = sourcecode.c.h; path = TFSessionResult.h; sourceTree = "<group>"; };
		B4504EBE2353476A002F9C7D /* TFLevel.h */ = {isa = PBXFileReference; fileEncoding = 4; lastKnownFileType = sourcecode.c.h; path = TFLevel.h; sourceTree = "<group>"; };
		B4504EC02353476A002F9C7D /* TFToken.m */ = {isa = PBXFileReference; fileEncoding = 4; lastKnownFileType = sourcecode.c.objc; path = TFToken.m; sourceTree = "<group>"; };
		B4504EC12353476A002F9C7D /* TFLevel.m */ = {isa = PBXFileReference; fileEncoding = 4; lastKnownFileType = sourcecode.c.objc; path = TFLevel.m; sourceTree = "<group>"; };
		B4504EC22353476A002F9C7D /* TFSessionResult.m */ = {isa = PBXFileReference; fileEncoding = 4; lastKnownFileType = sourcecode.c.objc; path = TFSessionResult.m; sourceTree = "<group>"; };
		B4504EC42353476A002F9C7D /* NSString+Extra.m */ = {isa = PBXFileReference; fileEncoding = 4; lastKnownFileType = sourcecode.c.objc; path = "NSString+Extra.m"; sourceTree = "<group>"; };
		B4504EC52353476A002F9C7D /* UIAlertController+Alerts.m */ = {isa = PBXFileReference; fileEncoding = 4; lastKnownFileType = sourcecode.c.objc; path = "UIAlertController+Alerts.m"; sourceTree = "<group>"; };
		B4504EC62353476A002F9C7D /* UIColor+TFColors.h */ = {isa = PBXFileReference; fileEncoding = 4; lastKnownFileType = sourcecode.c.h; path = "UIColor+TFColors.h"; sourceTree = "<group>"; };
		B4504EC72353476A002F9C7D /* UIStoryboard+TFControllers.m */ = {isa = PBXFileReference; fileEncoding = 4; lastKnownFileType = sourcecode.c.objc; path = "UIStoryboard+TFControllers.m"; sourceTree = "<group>"; };
		B4504EC82353476A002F9C7D /* NSString+Extra.h */ = {isa = PBXFileReference; fileEncoding = 4; lastKnownFileType = sourcecode.c.h; path = "NSString+Extra.h"; sourceTree = "<group>"; };
		B4504EC92353476A002F9C7D /* UIAlertController+Alerts.h */ = {isa = PBXFileReference; fileEncoding = 4; lastKnownFileType = sourcecode.c.h; path = "UIAlertController+Alerts.h"; sourceTree = "<group>"; };
		B4504ECA2353476A002F9C7D /* UIColor+TFColors.m */ = {isa = PBXFileReference; fileEncoding = 4; lastKnownFileType = sourcecode.c.objc; path = "UIColor+TFColors.m"; sourceTree = "<group>"; };
		B4504ECB2353476A002F9C7D /* UIStoryboard+TFControllers.h */ = {isa = PBXFileReference; fileEncoding = 4; lastKnownFileType = sourcecode.c.h; path = "UIStoryboard+TFControllers.h"; sourceTree = "<group>"; };
		B4504ECD2353476A002F9C7D /* TFTypingVM.m */ = {isa = PBXFileReference; fileEncoding = 4; lastKnownFileType = sourcecode.c.objc; path = TFTypingVM.m; sourceTree = "<group>"; };
		B4504ECE2353476A002F9C7D /* TFSettingsVM.m */ = {isa = PBXFileReference; fileEncoding = 4; lastKnownFileType = sourcecode.c.objc; path = TFSettingsVM.m; sourceTree = "<group>"; };
		B4504ECF2353476A002F9C7D /* TFResultsVM.m */ = {isa = PBXFileReference; fileEncoding = 4; lastKnownFileType = sourcecode.c.objc; path = TFResultsVM.m; sourceTree = "<group>"; };
		B4504ED02353476A002F9C7D /* TFMenuVM.m */ = {isa = PBXFileReference; fileEncoding = 4; lastKnownFileType = sourcecode.c.objc; path = TFMenuVM.m; sourceTree = "<group>"; };
		B4504ED12353476A002F9C7D /* TFResultsVM.h */ = {isa = PBXFileReference; fileEncoding = 4; lastKnownFileType = sourcecode.c.h; path = TFResultsVM.h; sourceTree = "<group>"; };
		B4504ED22353476A002F9C7D /* TFSettingsVM.h */ = {isa = PBXFileReference; fileEncoding = 4; lastKnownFileType = sourcecode.c.h; path = TFSettingsVM.h; sourceTree = "<group>"; };
		B4504ED32353476A002F9C7D /* TFTypingVM.h */ = {isa = PBXFileReference; fileEncoding = 4; lastKnownFileType = sourcecode.c.h; path = TFTypingVM.h; sourceTree = "<group>"; };
		B4504ED42353476A002F9C7D /* TFMenuVM.h */ = {isa = PBXFileReference; fileEncoding = 4; lastKnownFileType = sourcecode.c.h; path = TFMenuVM.h; sourceTree = "<group>"; };
		B4504ED62353476A002F9C7D /* TFSettingsVC.m */ = {isa = PBXFileReference; fileEncoding = 4; lastKnownFileType = sourcecode.c.objc; path = TFSettingsVC.m; sourceTree = "<group>"; };
		B4504ED72353476A002F9C7D /* TFResultsVC.m */ = {isa = PBXFileReference; fileEncoding = 4; lastKnownFileType = sourcecode.c.objc; path = TFResultsVC.m; sourceTree = "<group>"; };
		B4504ED82353476A002F9C7D /* TFTypingVC.m */ = {isa = PBXFileReference; fileEncoding = 4; lastKnownFileType = sourcecode.c.objc; path = TFTypingVC.m; sourceTree = "<group>"; };
		B4504ED92353476A002F9C7D /* TFMenuVC.m */ = {isa = PBXFileReference; fileEncoding = 4; lastKnownFileType = sourcecode.c.objc; path = TFMenuVC.m; sourceTree = "<group>"; };
		B4504EDA2353476A002F9C7D /* TFTypingVC.h */ = {isa = PBXFileReference; fileEncoding = 4; lastKnownFileType = sourcecode.c.h; path = TFTypingVC.h; sourceTree = "<group>"; };
		B4504EDB2353476A002F9C7D /* TFResultsVC.h */ = {isa = PBXFileReference; fileEncoding = 4; lastKnownFileType = sourcecode.c.h; path = TFResultsVC.h; sourceTree = "<group>"; };
		B4504EDC2353476A002F9C7D /* TFSettingsVC.h */ = {isa = PBXFileReference; fileEncoding = 4; lastKnownFileType = sourcecode.c.h; path = TFSettingsVC.h; sourceTree = "<group>"; };
		B4504EDD2353476A002F9C7D /* TFMenuVC.h */ = {isa = PBXFileReference; fileEncoding = 4; lastKnownFileType = sourcecode.c.h; path = TFMenuVC.h; sourceTree = "<group>"; };
		B4504EDF2353476A002F9C7D /* TFLevelProvider.h */ = {isa = PBXFileReference; fileEncoding = 4; lastKnownFileType = sourcecode.c.h; path = TFLevelProvider.h; sourceTree = "<group>"; };
		B4504EE02353476A002F9C7D /* TFLeaderboardService.m */ = {isa = PBXFileReference; fileEncoding = 4; lastKnownFileType = sourcecode.c.objc; path = TFLeaderboardService.m; sourceTree = "<group>"; };
		B4504EE12353476A002F9C7D /* TFAppCoordinator.h */ = {isa = PBXFileReference; fileEncoding = 4; lastKnownFileType = sourcecode.c.h; path = TFAppCoordinator.h; sourceTree = "<group>"; };
		B4504EE22353476A002F9C7D /* TFResultProvider.h */ = {isa = PBXFileReference; fileEncoding = 4; lastKnownFileType = sourcecode.c.h; path = TFResultProvider.h; sourceTree = "<group>"; };
		B4504EE32353476A002F9C7D /* TFAppDelegate.m */ = {isa = PBXFileReference; fileEncoding = 4; lastKnownFileType = sourcecode.c.objc; path = TFAppDelegate.m; sourceTree = "<group>"; };
		B4504EE42353476A002F9C7D /* TFNotificationService.m */ = {isa = PBXFileReference; fileEncoding = 4; lastKnownFileType = sourcecode.c.objc; path = TFNotificationService.m; sourceTree = "<group>"; };
		B4504EE52353476A002F9C7D /* TFSoundService.m */ = {isa = PBXFileReference; fileEncoding = 4; lastKnownFileType = sourcecode.c.objc; path = TFSoundService.m; sourceTree = "<group>"; };
		B4504EE62353476A002F9C7D /* TFLevelProvider.m */ = {isa = PBXFileReference; fileEncoding = 4; lastKnownFileType = sourcecode.c.objc; path = TFLevelProvider.m; sourceTree = "<group>"; };
		B4504EE72353476A002F9C7D /* TFAppDelegate.h */ = {isa = PBXFileReference; fileEncoding = 4; lastKnownFileType = sourcecode.c.h; path = TFAppDelegate.h; sourceTree = "<group>"; };
		B4504EE82353476A002F9C7D /* TFResultProvider.m */ = {isa = PBXFileReference; fileEncoding = 4; lastKnownFileType = sourcecode.c.objc; path = TFResultProvider.m; sourceTree = "<group>"; };
		B4504EE92353476A002F9C7D /* TFAppCoordinator.m */ = {isa = PBXFileReference; fileEncoding = 4; lastKnownFileType = sourcecode.c.objc; path = TFAppCoordinator.m; sourceTree = "<group>"; };
		B4504EEA2353476A002F9C7D /* TFLeaderboardService.h */ = {isa = PBXFileReference; fileEncoding = 4; lastKnownFileType = sourcecode.c.h; path = TFLeaderboardService.h; sourceTree = "<group>"; };
		B4504EEB2353476A002F9C7D /* TFSoundService.h */ = {isa = PBXFileReference; fileEncoding = 4; lastKnownFileType = sourcecode.c.h; path = TFSoundService.h; sourceTree = "<group>"; };
		B4504EEC2353476A002F9C7D /* TFNotificationService.h */ = {isa = PBXFileReference; fileEncoding = 4; lastKnownFileType = sourcecode.c.h; path = TFNotificationService.h; sourceTree = "<group>"; };
		B4504EEF2353476A002F9C7D /* Main.storyboard */ = {isa = PBXFileReference; fileEncoding = 4; lastKnownFileType = file.storyboard; path = Main.storyboard; sourceTree = "<group>"; };
		B4504EF22353476A002F9C7D /* en */ = {isa = PBXFileReference; lastKnownFileType = text.plist.strings; name = en; path = en.lproj/Localizable.strings; sourceTree = "<group>"; };
		B4504EF42353476A002F9C7D /* en */ = {isa = PBXFileReference; lastKnownFileType = text.plist.strings; name = en; path = en.lproj/InfoPlist.strings; sourceTree = "<group>"; };
		B4504F132353476A002F9C7D /* Tock.caf */ = {isa = PBXFileReference; lastKnownFileType = file; path = Tock.caf; sourceTree = "<group>"; };
		B4504F142353476A002F9C7D /* click.wav */ = {isa = PBXFileReference; lastKnownFileType = audio.wav; path = click.wav; sourceTree = "<group>"; };
		B4504F152353476A002F9C7D /* error.wav */ = {isa = PBXFileReference; lastKnownFileType = audio.wav; path = error.wav; sourceTree = "<group>"; };
		B4504F162353476A002F9C7D /* new_result.wav */ = {isa = PBXFileReference; lastKnownFileType = audio.wav; path = new_result.wav; sourceTree = "<group>"; };
		B4504F172353476A002F9C7D /* new_rank.wav */ = {isa = PBXFileReference; lastKnownFileType = audio.wav; path = new_rank.wav; sourceTree = "<group>"; };
		B4504F182353476A002F9C7D /* main.m */ = {isa = PBXFileReference; fileEncoding = 4; lastKnownFileType = sourcecode.c.objc; path = main.m; sourceTree = "<group>"; };
		B4504F192353476A002F9C7D /* Images.xcassets */ = {isa = PBXFileReference; lastKnownFileType = folder.assetcatalog; path = Images.xcassets; sourceTree = "<group>"; };
		B4504F1A2353476A002F9C7D /* ru */ = {isa = PBXFileReference; lastKnownFileType = text.plist.strings; name = ru; path = ru.lproj/Localizable.strings; sourceTree = "<group>"; };
		B4504F1B2353476A002F9C7D /* ru */ = {isa = PBXFileReference; lastKnownFileType = text.plist.strings; name = ru; path = ru.lproj/InfoPlist.strings; sourceTree = "<group>"; };
		B4504F1D2353476A002F9C7D /* Info.plist */ = {isa = PBXFileReference; fileEncoding = 4; lastKnownFileType = text.plist.xml; path = Info.plist; sourceTree = "<group>"; };
		B45E7A4E1B504090006C3A67 /* GameKit.framework */ = {isa = PBXFileReference; lastKnownFileType = wrapper.framework; name = GameKit.framework; path = System/Library/Frameworks/GameKit.framework; sourceTree = SDKROOT; };
		B4B7D2CE23534B6900CE09DB /* en */ = {isa = PBXFileReference; lastKnownFileType = text.plist.stringsdict; name = en; path = en.lproj/Localizable.stringsdict; sourceTree = "<group>"; };
		B4B7D2D023534B7200CE09DB /* ru */ = {isa = PBXFileReference; lastKnownFileType = text.plist.stringsdict; name = ru; path = ru.lproj/Localizable.stringsdict; sourceTree = "<group>"; };
/* End PBXFileReference section */

/* Begin PBXFrameworksBuildPhase section */
		B4010C611B3E08C5000DF339 /* Frameworks */ = {
			isa = PBXFrameworksBuildPhase;
			buildActionMask = 2147483647;
			files = (
				B4457CB61B56BFA6003C27A9 /* AVFoundation.framework in Frameworks */,
				B45E7A4F1B504090006C3A67 /* GameKit.framework in Frameworks */,
			);
			runOnlyForDeploymentPostprocessing = 0;
		};
		B4010C7A1B3E08C5000DF339 /* Frameworks */ = {
			isa = PBXFrameworksBuildPhase;
			buildActionMask = 2147483647;
			files = (
			);
			runOnlyForDeploymentPostprocessing = 0;
		};
/* End PBXFrameworksBuildPhase section */

/* Begin PBXGroup section */
		85CACE9D01483EACB544D6D5 /* Frameworks */ = {
			isa = PBXGroup;
			children = (
				B45E7A4E1B504090006C3A67 /* GameKit.framework */,
				B4457CB51B56BFA6003C27A9 /* AVFoundation.framework */,
			);
			name = Frameworks;
			sourceTree = "<group>";
		};
		B4010C5B1B3E08C4000DF339 = {
			isa = PBXGroup;
			children = (
				B4010C661B3E08C5000DF339 /* type.trainer */,
				B4010C801B3E08C5000DF339 /* type.trainerTests */,
				B4010C651B3E08C5000DF339 /* Products */,
				85CACE9D01483EACB544D6D5 /* Frameworks */,
			);
			sourceTree = "<group>";
		};
		B4010C651B3E08C5000DF339 /* Products */ = {
			isa = PBXGroup;
			children = (
				B4010C641B3E08C5000DF339 /* type.trainer.app */,
				B4010C7D1B3E08C5000DF339 /* type.trainerTests.xctest */,
			);
			name = Products;
			sourceTree = "<group>";
		};
		B4010C661B3E08C5000DF339 /* type.trainer */ = {
			isa = PBXGroup;
			children = (
				B4504EE72353476A002F9C7D /* TFAppDelegate.h */,
				B4504EE32353476A002F9C7D /* TFAppDelegate.m */,
				B4504EE12353476A002F9C7D /* TFAppCoordinator.h */,
				B4504EE92353476A002F9C7D /* TFAppCoordinator.m */,
				B4504EDE2353476A002F9C7D /* Services */,
				B4504EBB2353476A002F9C7D /* Model */,
				B4504EED2353476A002F9C7D /* View */,
				B4504ECC2353476A002F9C7D /* ViewModels */,
				B4504ED52353476A002F9C7D /* Controllers */,
				B4504EC32353476A002F9C7D /* Extensions */,
				B4504EF02353476A002F9C7D /* Resources */,
			);
			path = type.trainer;
			sourceTree = "<group>";
		};
		B4010C801B3E08C5000DF339 /* type.trainerTests */ = {
			isa = PBXGroup;
			children = (
				B4010C831B3E08C5000DF339 /* type_trainerTests.m */,
				B4010C811B3E08C5000DF339 /* Supporting Files */,
			);
			path = type.trainerTests;
			sourceTree = "<group>";
		};
		B4010C811B3E08C5000DF339 /* Supporting Files */ = {
			isa = PBXGroup;
			children = (
				B4010C821B3E08C5000DF339 /* Info.plist */,
			);
			name = "Supporting Files";
			sourceTree = "<group>";
		};
		B4504EBB2353476A002F9C7D /* Model */ = {
			isa = PBXGroup;
			children = (
				B4504EBE2353476A002F9C7D /* TFLevel.h */,
				B4504EC12353476A002F9C7D /* TFLevel.m */,
				B4504EBC2353476A002F9C7D /* TFToken.h */,
				B4504EC02353476A002F9C7D /* TFToken.m */,
				B4504EBD2353476A002F9C7D /* TFSessionResult.h */,
				B4504EC22353476A002F9C7D /* TFSessionResult.m */,
			);
			path = Model;
			sourceTree = "<group>";
		};
		B4504EC32353476A002F9C7D /* Extensions */ = {
			isa = PBXGroup;
			children = (
				B4504EC82353476A002F9C7D /* NSString+Extra.h */,
				B4504EC42353476A002F9C7D /* NSString+Extra.m */,
				B43E4E04242EB7D000050E19 /* NSMutableString+Extra.h */,
				B43E4E05242EB7D000050E19 /* NSMutableString+Extra.m */,
				B4504EC92353476A002F9C7D /* UIAlertController+Alerts.h */,
				B4504EC52353476A002F9C7D /* UIAlertController+Alerts.m */,
				B4504EC62353476A002F9C7D /* UIColor+TFColors.h */,
				B4504ECA2353476A002F9C7D /* UIColor+TFColors.m */,
				B4504ECB2353476A002F9C7D /* UIStoryboard+TFControllers.h */,
				B4504EC72353476A002F9C7D /* UIStoryboard+TFControllers.m */,
				B43E4E0F242F94E200050E19 /* UINib+TFViews.h */,
				B43E4E10242F94E200050E19 /* UINib+TFViews.m */,
			);
			path = Extensions;
			sourceTree = "<group>";
		};
		B4504ECC2353476A002F9C7D /* ViewModels */ = {
			isa = PBXGroup;
			children = (
				B4504ED42353476A002F9C7D /* TFMenuVM.h */,
				B4504ED02353476A002F9C7D /* TFMenuVM.m */,
				B4504ED22353476A002F9C7D /* TFSettingsVM.h */,
				B4504ECE2353476A002F9C7D /* TFSettingsVM.m */,
				B4504ED32353476A002F9C7D /* TFTypingVM.h */,
				B4504ECD2353476A002F9C7D /* TFTypingVM.m */,
				B4504ED12353476A002F9C7D /* TFResultsVM.h */,
				B4504ECF2353476A002F9C7D /* TFResultsVM.m */,
			);
			path = ViewModels;
			sourceTree = "<group>";
		};
		B4504ED52353476A002F9C7D /* Controllers */ = {
			isa = PBXGroup;
			children = (
				B4504EDD2353476A002F9C7D /* TFMenuVC.h */,
				B4504ED92353476A002F9C7D /* TFMenuVC.m */,
				B4504EDC2353476A002F9C7D /* TFSettingsVC.h */,
				B4504ED62353476A002F9C7D /* TFSettingsVC.m */,
				B4504EDA2353476A002F9C7D /* TFTypingVC.h */,
				B4504ED82353476A002F9C7D /* TFTypingVC.m */,
				B4504EDB2353476A002F9C7D /* TFResultsVC.h */,
				B4504ED72353476A002F9C7D /* TFResultsVC.m */,
			);
			path = Controllers;
			sourceTree = "<group>";
		};
		B4504EDE2353476A002F9C7D /* Services */ = {
			isa = PBXGroup;
			children = (
				B4504EDF2353476A002F9C7D /* TFLevelProvider.h */,
				B4504EE62353476A002F9C7D /* TFLevelProvider.m */,
				B4504EE22353476A002F9C7D /* TFResultProvider.h */,
				B4504EE82353476A002F9C7D /* TFResultProvider.m */,
				B4504EEA2353476A002F9C7D /* TFLeaderboardService.h */,
				B4504EE02353476A002F9C7D /* TFLeaderboardService.m */,
				B4504EEC2353476A002F9C7D /* TFNotificationService.h */,
				B4504EE42353476A002F9C7D /* TFNotificationService.m */,
				B4504EEB2353476A002F9C7D /* TFSoundService.h */,
				B4504EE52353476A002F9C7D /* TFSoundService.m */,
			);
			path = Services;
			sourceTree = "<group>";
		};
		B4504EED2353476A002F9C7D /* View */ = {
			isa = PBXGroup;
			children = (
				B43E4E0C242F943700050E19 /* CurrentWordView.h */,
				B43E4E0D242F943700050E19 /* CurrentWordView.m */,
				B4504EEF2353476A002F9C7D /* Main.storyboard */,
				B4066EC4235377EC0068954C /* Launch Screen.storyboard */,
				B43E4E07242F921000050E19 /* CurrentWordView.xib */,
			);
			path = View;
			sourceTree = "<group>";
		};
		B4504EF02353476A002F9C7D /* Resources */ = {
			isa = PBXGroup;
			children = (
				B43E4E09242F940400050E19 /* type.trainer-Bridging-Header.h */,
				B422984A2353A393006AC356 /* Levels.plist */,
				B4066EC0235376D50068954C /* launch_bg@2x.png */,
				B4066EC1235376D50068954C /* launch_logo@2x.png */,
				B4504EF12353476A002F9C7D /* Localizable.strings */,
				B4B7D2CF23534B6900CE09DB /* Localizable.stringsdict */,
				B4504EF32353476A002F9C7D /* InfoPlist.strings */,
				B4504F122353476A002F9C7D /* Sounds */,
				B4504F182353476A002F9C7D /* main.m */,
				B4504F192353476A002F9C7D /* Images.xcassets */,
				B4504F1D2353476A002F9C7D /* Info.plist */,
			);
			path = Resources;
			sourceTree = "<group>";
		};
		B4504F122353476A002F9C7D /* Sounds */ = {
			isa = PBXGroup;
			children = (
				B4504F132353476A002F9C7D /* Tock.caf */,
				B4504F142353476A002F9C7D /* click.wav */,
				B4504F152353476A002F9C7D /* error.wav */,
				B4504F162353476A002F9C7D /* new_result.wav */,
				B4504F172353476A002F9C7D /* new_rank.wav */,
			);
			path = Sounds;
			sourceTree = "<group>";
		};
/* End PBXGroup section */

/* Begin PBXNativeTarget section */
		B4010C631B3E08C5000DF339 /* type.trainer */ = {
			isa = PBXNativeTarget;
			buildConfigurationList = B4010C871B3E08C5000DF339 /* Build configuration list for PBXNativeTarget "type.trainer" */;
			buildPhases = (
				B4010C601B3E08C5000DF339 /* Sources */,
				B4010C611B3E08C5000DF339 /* Frameworks */,
				B4010C621B3E08C5000DF339 /* Resources */,
			);
			buildRules = (
			);
			dependencies = (
			);
			name = type.trainer;
			productName = type.trainer;
			productReference = B4010C641B3E08C5000DF339 /* type.trainer.app */;
			productType = "com.apple.product-type.application";
		};
		B4010C7C1B3E08C5000DF339 /* type.trainerTests */ = {
			isa = PBXNativeTarget;
			buildConfigurationList = B4010C8A1B3E08C5000DF339 /* Build configuration list for PBXNativeTarget "type.trainerTests" */;
			buildPhases = (
				B4010C791B3E08C5000DF339 /* Sources */,
				B4010C7A1B3E08C5000DF339 /* Frameworks */,
				B4010C7B1B3E08C5000DF339 /* Resources */,
			);
			buildRules = (
			);
			dependencies = (
				B4010C7F1B3E08C5000DF339 /* PBXTargetDependency */,
			);
			name = type.trainerTests;
			productName = type.trainerTests;
			productReference = B4010C7D1B3E08C5000DF339 /* type.trainerTests.xctest */;
			productType = "com.apple.product-type.bundle.unit-test";
		};
/* End PBXNativeTarget section */

/* Begin PBXProject section */
		B4010C5C1B3E08C4000DF339 /* Project object */ = {
			isa = PBXProject;
			attributes = {
				LastUpgradeCheck = 1030;
				ORGANIZATIONNAME = Suricatum;
				TargetAttributes = {
					B4010C631B3E08C5000DF339 = {
						CreatedOnToolsVersion = 6.3.2;
						DevelopmentTeam = HVARA599XL;
						LastSwiftMigration = 1140;
						ProvisioningStyle = Automatic;
						SystemCapabilities = {
							com.apple.GameCenter = {
								enabled = 1;
							};
						};
					};
					B4010C7C1B3E08C5000DF339 = {
						CreatedOnToolsVersion = 6.3.2;
						TestTargetID = B4010C631B3E08C5000DF339;
					};
				};
			};
			buildConfigurationList = B4010C5F1B3E08C4000DF339 /* Build configuration list for PBXProject "type.trainer" */;
			compatibilityVersion = "Xcode 3.2";
			developmentRegion = en;
			hasScannedForEncodings = 0;
			knownRegions = (
				en,
				Base,
				ru,
			);
			mainGroup = B4010C5B1B3E08C4000DF339;
			productRefGroup = B4010C651B3E08C5000DF339 /* Products */;
			projectDirPath = "";
			projectRoot = "";
			targets = (
				B4010C631B3E08C5000DF339 /* type.trainer */,
				B4010C7C1B3E08C5000DF339 /* type.trainerTests */,
			);
		};
/* End PBXProject section */

/* Begin PBXResourcesBuildPhase section */
		B4010C621B3E08C5000DF339 /* Resources */ = {
			isa = PBXResourcesBuildPhase;
			buildActionMask = 2147483647;
			files = (
				B4066EC2235376D50068954C /* launch_bg@2x.png in Resources */,
				B4504F362353476A002F9C7D /* Main.storyboard in Resources */,
				B4504F552353476A002F9C7D /* Tock.caf in Resources */,
				B4504F5B2353476A002F9C7D /* Images.xcassets in Resources */,
				B4504F372353476A002F9C7D /* Localizable.strings in Resources */,
				B4B7D2CD23534B6900CE09DB /* Localizable.stringsdict in Resources */,
				B4066EC5235377EC0068954C /* Launch Screen.storyboard in Resources */,
				B4066EC3235376D50068954C /* launch_logo@2x.png in Resources */,
				B4504F562353476A002F9C7D /* click.wav in Resources */,
				B4504F592353476A002F9C7D /* new_rank.wav in Resources */,
				B422984B2353A393006AC356 /* Levels.plist in Resources */,
				B43E4E08242F921000050E19 /* CurrentWordView.xib in Resources */,
				B4504F572353476A002F9C7D /* error.wav in Resources */,
				B4504F582353476A002F9C7D /* new_result.wav in Resources */,
				B4504F382353476A002F9C7D /* InfoPlist.strings in Resources */,
			);
			runOnlyForDeploymentPostprocessing = 0;
		};
		B4010C7B1B3E08C5000DF339 /* Resources */ = {
			isa = PBXResourcesBuildPhase;
			buildActionMask = 2147483647;
			files = (
			);
			runOnlyForDeploymentPostprocessing = 0;
		};
/* End PBXResourcesBuildPhase section */

/* Begin PBXSourcesBuildPhase section */
		B4010C601B3E08C5000DF339 /* Sources */ = {
			isa = PBXSourcesBuildPhase;
			buildActionMask = 2147483647;
			files = (
				B4504F302353476A002F9C7D /* TFNotificationService.m in Sources */,
				B4504F202353476A002F9C7D /* TFLevel.m in Sources */,
				B4504F2E2353476A002F9C7D /* TFLeaderboardService.m in Sources */,
				B43E4E06242EB7D000050E19 /* NSMutableString+Extra.m in Sources */,
				B43E4E11242F94E200050E19 /* UINib+TFViews.m in Sources */,
				B4504F2D2353476A002F9C7D /* TFMenuVC.m in Sources */,
				B4504F342353476A002F9C7D /* TFAppCoordinator.m in Sources */,
				B4504F1F2353476A002F9C7D /* TFToken.m in Sources */,
				B4504F242353476A002F9C7D /* UIStoryboard+TFControllers.m in Sources */,
				B4504F2C2353476A002F9C7D /* TFTypingVC.m in Sources */,
				B4504F252353476A002F9C7D /* UIColor+TFColors.m in Sources */,
				B4504F222353476A002F9C7D /* NSString+Extra.m in Sources */,
				B43E4E0E242F943700050E19 /* CurrentWordView.m in Sources */,
				B4504F5A2353476A002F9C7D /* main.m in Sources */,
				B4504F282353476A002F9C7D /* TFResultsVM.m in Sources */,
				B4504F272353476A002F9C7D /* TFSettingsVM.m in Sources */,
				B4504F212353476A002F9C7D /* TFSessionResult.m in Sources */,
				B4504F232353476A002F9C7D /* UIAlertController+Alerts.m in Sources */,
				B4504F322353476A002F9C7D /* TFLevelProvider.m in Sources */,
				B4504F2B2353476A002F9C7D /* TFResultsVC.m in Sources */,
				B4504F312353476A002F9C7D /* TFSoundService.m in Sources */,
				B4504F2F2353476A002F9C7D /* TFAppDelegate.m in Sources */,
				B4504F2A2353476A002F9C7D /* TFSettingsVC.m in Sources */,
				B4504F332353476A002F9C7D /* TFResultProvider.m in Sources */,
				B4504F292353476A002F9C7D /* TFMenuVM.m in Sources */,
				B4504F262353476A002F9C7D /* TFTypingVM.m in Sources */,
			);
			runOnlyForDeploymentPostprocessing = 0;
		};
		B4010C791B3E08C5000DF339 /* Sources */ = {
			isa = PBXSourcesBuildPhase;
			buildActionMask = 2147483647;
			files = (
				B4010C841B3E08C5000DF339 /* type_trainerTests.m in Sources */,
			);
			runOnlyForDeploymentPostprocessing = 0;
		};
/* End PBXSourcesBuildPhase section */

/* Begin PBXTargetDependency section */
		B4010C7F1B3E08C5000DF339 /* PBXTargetDependency */ = {
			isa = PBXTargetDependency;
			target = B4010C631B3E08C5000DF339 /* type.trainer */;
			targetProxy = B4010C7E1B3E08C5000DF339 /* PBXContainerItemProxy */;
		};
/* End PBXTargetDependency section */

/* Begin PBXVariantGroup section */
		B4504EF12353476A002F9C7D /* Localizable.strings */ = {
			isa = PBXVariantGroup;
			children = (
				B4504EF22353476A002F9C7D /* en */,
				B4504F1A2353476A002F9C7D /* ru */,
			);
			name = Localizable.strings;
			sourceTree = "<group>";
		};
		B4504EF32353476A002F9C7D /* InfoPlist.strings */ = {
			isa = PBXVariantGroup;
			children = (
				B4504EF42353476A002F9C7D /* en */,
				B4504F1B2353476A002F9C7D /* ru */,
			);
			name = InfoPlist.strings;
			sourceTree = "<group>";
		};
		B4B7D2CF23534B6900CE09DB /* Localizable.stringsdict */ = {
			isa = PBXVariantGroup;
			children = (
				B4B7D2CE23534B6900CE09DB /* en */,
				B4B7D2D023534B7200CE09DB /* ru */,
			);
			name = Localizable.stringsdict;
			sourceTree = "<group>";
		};
/* End PBXVariantGroup section */

/* Begin XCBuildConfiguration section */
		B4010C851B3E08C5000DF339 /* Debug */ = {
			isa = XCBuildConfiguration;
			buildSettings = {
				ALWAYS_SEARCH_USER_PATHS = NO;
				CLANG_ANALYZER_LOCALIZABILITY_NONLOCALIZED = YES;
				CLANG_CXX_LANGUAGE_STANDARD = "gnu++0x";
				CLANG_CXX_LIBRARY = "libc++";
				CLANG_ENABLE_MODULES = YES;
				CLANG_ENABLE_OBJC_ARC = YES;
				CLANG_WARN_BLOCK_CAPTURE_AUTORELEASING = YES;
				CLANG_WARN_BOOL_CONVERSION = YES;
				CLANG_WARN_COMMA = YES;
				CLANG_WARN_CONSTANT_CONVERSION = YES;
				CLANG_WARN_DEPRECATED_OBJC_IMPLEMENTATIONS = YES;
				CLANG_WARN_DIRECT_OBJC_ISA_USAGE = YES_ERROR;
				CLANG_WARN_EMPTY_BODY = YES;
				CLANG_WARN_ENUM_CONVERSION = YES;
				CLANG_WARN_INFINITE_RECURSION = YES;
				CLANG_WARN_INT_CONVERSION = YES;
				CLANG_WARN_NON_LITERAL_NULL_CONVERSION = YES;
				CLANG_WARN_OBJC_IMPLICIT_RETAIN_SELF = YES;
				CLANG_WARN_OBJC_LITERAL_CONVERSION = YES;
				CLANG_WARN_OBJC_ROOT_CLASS = YES_ERROR;
				CLANG_WARN_RANGE_LOOP_ANALYSIS = YES;
				CLANG_WARN_STRICT_PROTOTYPES = YES;
				CLANG_WARN_SUSPICIOUS_MOVE = YES;
				CLANG_WARN_UNREACHABLE_CODE = YES;
				CLANG_WARN__DUPLICATE_METHOD_MATCH = YES;
				"CODE_SIGN_IDENTITY[sdk=iphoneos*]" = "iPhone Developer";
				COPY_PHASE_STRIP = NO;
				DEBUG_INFORMATION_FORMAT = "dwarf-with-dsym";
				ENABLE_STRICT_OBJC_MSGSEND = YES;
				ENABLE_TESTABILITY = YES;
				GCC_C_LANGUAGE_STANDARD = gnu99;
				GCC_DYNAMIC_NO_PIC = NO;
				GCC_NO_COMMON_BLOCKS = YES;
				GCC_OPTIMIZATION_LEVEL = 0;
				GCC_PREPROCESSOR_DEFINITIONS = (
					"DEBUG=1",
					"$(inherited)",
				);
				GCC_SYMBOLS_PRIVATE_EXTERN = NO;
				GCC_WARN_64_TO_32_BIT_CONVERSION = YES;
				GCC_WARN_ABOUT_RETURN_TYPE = YES_ERROR;
				GCC_WARN_UNDECLARED_SELECTOR = YES;
				GCC_WARN_UNINITIALIZED_AUTOS = YES_AGGRESSIVE;
				GCC_WARN_UNUSED_FUNCTION = YES;
				GCC_WARN_UNUSED_VARIABLE = YES;
				IPHONEOS_DEPLOYMENT_TARGET = 8.3;
				MTL_ENABLE_DEBUG_INFO = YES;
				ONLY_ACTIVE_ARCH = YES;
				SDKROOT = iphoneos;
				TARGETED_DEVICE_FAMILY = "1,2";
			};
			name = Debug;
		};
		B4010C861B3E08C5000DF339 /* Release */ = {
			isa = XCBuildConfiguration;
			buildSettings = {
				ALWAYS_SEARCH_USER_PATHS = NO;
				CLANG_ANALYZER_LOCALIZABILITY_NONLOCALIZED = YES;
				CLANG_CXX_LANGUAGE_STANDARD = "gnu++0x";
				CLANG_CXX_LIBRARY = "libc++";
				CLANG_ENABLE_MODULES = YES;
				CLANG_ENABLE_OBJC_ARC = YES;
				CLANG_WARN_BLOCK_CAPTURE_AUTORELEASING = YES;
				CLANG_WARN_BOOL_CONVERSION = YES;
				CLANG_WARN_COMMA = YES;
				CLANG_WARN_CONSTANT_CONVERSION = YES;
				CLANG_WARN_DEPRECATED_OBJC_IMPLEMENTATIONS = YES;
				CLANG_WARN_DIRECT_OBJC_ISA_USAGE = YES_ERROR;
				CLANG_WARN_EMPTY_BODY = YES;
				CLANG_WARN_ENUM_CONVERSION = YES;
				CLANG_WARN_INFINITE_RECURSION = YES;
				CLANG_WARN_INT_CONVERSION = YES;
				CLANG_WARN_NON_LITERAL_NULL_CONVERSION = YES;
				CLANG_WARN_OBJC_IMPLICIT_RETAIN_SELF = YES;
				CLANG_WARN_OBJC_LITERAL_CONVERSION = YES;
				CLANG_WARN_OBJC_ROOT_CLASS = YES_ERROR;
				CLANG_WARN_RANGE_LOOP_ANALYSIS = YES;
				CLANG_WARN_STRICT_PROTOTYPES = YES;
				CLANG_WARN_SUSPICIOUS_MOVE = YES;
				CLANG_WARN_UNREACHABLE_CODE = YES;
				CLANG_WARN__DUPLICATE_METHOD_MATCH = YES;
				"CODE_SIGN_IDENTITY[sdk=iphoneos*]" = "iPhone Developer";
				COPY_PHASE_STRIP = NO;
				DEBUG_INFORMATION_FORMAT = "dwarf-with-dsym";
				ENABLE_NS_ASSERTIONS = NO;
				ENABLE_STRICT_OBJC_MSGSEND = YES;
				GCC_C_LANGUAGE_STANDARD = gnu99;
				GCC_NO_COMMON_BLOCKS = YES;
				GCC_WARN_64_TO_32_BIT_CONVERSION = YES;
				GCC_WARN_ABOUT_RETURN_TYPE = YES_ERROR;
				GCC_WARN_UNDECLARED_SELECTOR = YES;
				GCC_WARN_UNINITIALIZED_AUTOS = YES_AGGRESSIVE;
				GCC_WARN_UNUSED_FUNCTION = YES;
				GCC_WARN_UNUSED_VARIABLE = YES;
				IPHONEOS_DEPLOYMENT_TARGET = 8.3;
				MTL_ENABLE_DEBUG_INFO = NO;
				SDKROOT = iphoneos;
				TARGETED_DEVICE_FAMILY = "1,2";
				VALIDATE_PRODUCT = YES;
			};
			name = Release;
		};
		B4010C881B3E08C5000DF339 /* Debug */ = {
			isa = XCBuildConfiguration;
			buildSettings = {
				ASSETCATALOG_COMPILER_APPICON_NAME = AppIcon;
				ASSETCATALOG_COMPILER_LAUNCHIMAGE_NAME = "";
				CLANG_ENABLE_MODULES = YES;
				CODE_SIGN_IDENTITY = "iPhone Developer";
				"CODE_SIGN_IDENTITY[sdk=iphoneos*]" = "iPhone Developer";
				CODE_SIGN_STYLE = Automatic;
				CURRENT_PROJECT_VERSION = 4;
				DEVELOPMENT_TEAM = HVARA599XL;
				ENABLE_BITCODE = NO;
				FRAMEWORK_SEARCH_PATHS = (
					"$(inherited)",
					"$(PROJECT_DIR)/type.trainer",
				);
				INFOPLIST_FILE = type.trainer/Resources/Info.plist;
				IPHONEOS_DEPLOYMENT_TARGET = 13.0;
				LD_RUNPATH_SEARCH_PATHS = "$(inherited) @executable_path/Frameworks";
				LIBRARY_SEARCH_PATHS = "$(inherited)";
				ONLY_ACTIVE_ARCH = YES;
				PRODUCT_BUNDLE_IDENTIFIER = "com.suricatum.$(PRODUCT_NAME:rfc1034identifier)";
				PRODUCT_NAME = "$(TARGET_NAME)";
				PROVISIONING_PROFILE = "";
				PROVISIONING_PROFILE_SPECIFIER = "";
				SWIFT_OBJC_BRIDGING_HEADER = "type.trainer/View/type.trainer-Bridging-Header.h";
				SWIFT_OPTIMIZATION_LEVEL = "-Onone";
				SWIFT_VERSION = 5.0;
				TARGETED_DEVICE_FAMILY = 1;
			};
			name = Debug;
		};
		B4010C891B3E08C5000DF339 /* Release */ = {
			isa = XCBuildConfiguration;
			buildSettings = {
				ASSETCATALOG_COMPILER_APPICON_NAME = AppIcon;
				ASSETCATALOG_COMPILER_LAUNCHIMAGE_NAME = "";
				CLANG_ENABLE_MODULES = YES;
				CODE_SIGN_IDENTITY = "iPhone Developer";
				"CODE_SIGN_IDENTITY[sdk=iphoneos*]" = "iPhone Developer";
				CODE_SIGN_STYLE = Automatic;
				CURRENT_PROJECT_VERSION = 4;
				DEVELOPMENT_TEAM = HVARA599XL;
				ENABLE_BITCODE = NO;
				FRAMEWORK_SEARCH_PATHS = (
					"$(inherited)",
					"$(PROJECT_DIR)/type.trainer",
				);
				INFOPLIST_FILE = type.trainer/Resources/Info.plist;
				IPHONEOS_DEPLOYMENT_TARGET = 13.0;
				LD_RUNPATH_SEARCH_PATHS = "$(inherited) @executable_path/Frameworks";
				LIBRARY_SEARCH_PATHS = "$(inherited)";
				PRODUCT_BUNDLE_IDENTIFIER = "com.suricatum.$(PRODUCT_NAME:rfc1034identifier)";
				PRODUCT_NAME = "$(TARGET_NAME)";
				PROVISIONING_PROFILE = "";
				PROVISIONING_PROFILE_SPECIFIER = "";
				SWIFT_OBJC_BRIDGING_HEADER = "type.trainer/View/type.trainer-Bridging-Header.h";
				SWIFT_VERSION = 5.0;
				TARGETED_DEVICE_FAMILY = 1;
			};
			name = Release;
		};
		B4010C8B1B3E08C5000DF339 /* Debug */ = {
			isa = XCBuildConfiguration;
			buildSettings = {
				BUNDLE_LOADER = "$(TEST_HOST)";
				FRAMEWORK_SEARCH_PATHS = (
					"$(SDKROOT)/Developer/Library/Frameworks",
					"$(inherited)",
				);
				GCC_PREPROCESSOR_DEFINITIONS = (
					"DEBUG=1",
					"$(inherited)",
				);
				INFOPLIST_FILE = type.trainerTests/Info.plist;
				LD_RUNPATH_SEARCH_PATHS = "$(inherited) @executable_path/Frameworks @loader_path/Frameworks";
				PRODUCT_BUNDLE_IDENTIFIER = "suricatum.$(PRODUCT_NAME:rfc1034identifier)";
				PRODUCT_NAME = "$(TARGET_NAME)";
				TEST_HOST = "$(BUILT_PRODUCTS_DIR)/type.trainer.app/type.trainer";
			};
			name = Debug;
		};
		B4010C8C1B3E08C5000DF339 /* Release */ = {
			isa = XCBuildConfiguration;
			buildSettings = {
				BUNDLE_LOADER = "$(TEST_HOST)";
				FRAMEWORK_SEARCH_PATHS = (
					"$(SDKROOT)/Developer/Library/Frameworks",
					"$(inherited)",
				);
				INFOPLIST_FILE = type.trainerTests/Info.plist;
				LD_RUNPATH_SEARCH_PATHS = "$(inherited) @executable_path/Frameworks @loader_path/Frameworks";
				PRODUCT_BUNDLE_IDENTIFIER = "suricatum.$(PRODUCT_NAME:rfc1034identifier)";
				PRODUCT_NAME = "$(TARGET_NAME)";
				TEST_HOST = "$(BUILT_PRODUCTS_DIR)/type.trainer.app/type.trainer";
			};
			name = Release;
		};
/* End XCBuildConfiguration section */

/* Begin XCConfigurationList section */
		B4010C5F1B3E08C4000DF339 /* Build configuration list for PBXProject "type.trainer" */ = {
			isa = XCConfigurationList;
			buildConfigurations = (
				B4010C851B3E08C5000DF339 /* Debug */,
				B4010C861B3E08C5000DF339 /* Release */,
			);
			defaultConfigurationIsVisible = 0;
			defaultConfigurationName = Release;
		};
		B4010C871B3E08C5000DF339 /* Build configuration list for PBXNativeTarget "type.trainer" */ = {
			isa = XCConfigurationList;
			buildConfigurations = (
				B4010C881B3E08C5000DF339 /* Debug */,
				B4010C891B3E08C5000DF339 /* Release */,
			);
			defaultConfigurationIsVisible = 0;
			defaultConfigurationName = Release;
		};
		B4010C8A1B3E08C5000DF339 /* Build configuration list for PBXNativeTarget "type.trainerTests" */ = {
			isa = XCConfigurationList;
			buildConfigurations = (
				B4010C8B1B3E08C5000DF339 /* Debug */,
				B4010C8C1B3E08C5000DF339 /* Release */,
			);
			defaultConfigurationIsVisible = 0;
			defaultConfigurationName = Release;
		};
/* End XCConfigurationList section */
	};
	rootObject = B4010C5C1B3E08C4000DF339 /* Project object */;
}
