// !$*UTF8*$!
{
	archiveVersion = 1;
	classes = {
	};
	objectVersion = 46;
	objects = {

/* Begin PBXBuildFile section */
		B4010C6A1B3E08C5000DF339 /* main.m in Sources */ = {isa = PBXBuildFile; fileRef = B4010C691B3E08C5000DF339 /* main.m */; };
		B4010C6D1B3E08C5000DF339 /* TFAppDelegate.m in Sources */ = {isa = PBXBuildFile; fileRef = B4010C6C1B3E08C5000DF339 /* TFAppDelegate.m */; };
		B4010C701B3E08C5000DF339 /* TFTypingVC.m in Sources */ = {isa = PBXBuildFile; fileRef = B4010C6F1B3E08C5000DF339 /* TFTypingVC.m */; };
		B4010C751B3E08C5000DF339 /* Images.xcassets in Resources */ = {isa = PBXBuildFile; fileRef = B4010C741B3E08C5000DF339 /* Images.xcassets */; };
		B4010C841B3E08C5000DF339 /* type_trainerTests.m in Sources */ = {isa = PBXBuildFile; fileRef = B4010C831B3E08C5000DF339 /* type_trainerTests.m */; };
		B4010C931B3EDB9D000DF339 /* TFMenuVC.m in Sources */ = {isa = PBXBuildFile; fileRef = B4010C921B3EDB9D000DF339 /* TFMenuVC.m */; };
		B413AAD71B4D4C1200C800C4 /* error.wav in Resources */ = {isa = PBXBuildFile; fileRef = B413AAD61B4D4C1200C800C4 /* error.wav */; };
		B413AADB1B4D50CF00C800C4 /* click.wav in Resources */ = {isa = PBXBuildFile; fileRef = B413AAD81B4D50CF00C800C4 /* click.wav */; };
		B413AADC1B4D50CF00C800C4 /* new_rank.wav in Resources */ = {isa = PBXBuildFile; fileRef = B413AAD91B4D50CF00C800C4 /* new_rank.wav */; };
		B413AADD1B4D50CF00C800C4 /* new_result.wav in Resources */ = {isa = PBXBuildFile; fileRef = B413AADA1B4D50CF00C800C4 /* new_result.wav */; };
		B421D1851B4975D2006F17F7 /* TFSettingsVC.m in Sources */ = {isa = PBXBuildFile; fileRef = B421D1841B4975D2006F17F7 /* TFSettingsVC.m */; };
		B421D1881B4984B6006F17F7 /* rateIcon@2x.png in Resources */ = {isa = PBXBuildFile; fileRef = B421D1861B4984B6006F17F7 /* rateIcon@2x.png */; };
		B421D1891B4984B6006F17F7 /* settingsIcon@2x.png in Resources */ = {isa = PBXBuildFile; fileRef = B421D1871B4984B6006F17F7 /* settingsIcon@2x.png */; };
		B421D1C11B49BE67006F17F7 /* backspaceIcon@2x.png in Resources */ = {isa = PBXBuildFile; fileRef = B421D1BF1B49BE67006F17F7 /* backspaceIcon@2x.png */; };
		B421D1C21B49BE67006F17F7 /* shiftIcon@2x.png in Resources */ = {isa = PBXBuildFile; fileRef = B421D1C01B49BE67006F17F7 /* shiftIcon@2x.png */; };
		B421D1C41B49E3F9006F17F7 /* star_goldgray@2x.png in Resources */ = {isa = PBXBuildFile; fileRef = B421D1C31B49E3F9006F17F7 /* star_goldgray@2x.png */; };
		B42766E5234D7D7000DB152F /* TFLevelProvider.m in Sources */ = {isa = PBXBuildFile; fileRef = B42766E4234D7D7000DB152F /* TFLevelProvider.m */; };
		B42766E8234D809900DB152F /* TFNotificationService.m in Sources */ = {isa = PBXBuildFile; fileRef = B42766E7234D809900DB152F /* TFNotificationService.m */; };
		B42766EA234D84AD00DB152F /* Tock.caf in Resources */ = {isa = PBXBuildFile; fileRef = B42766E9234D84AD00DB152F /* Tock.caf */; };
		B42766ED234D8A1F00DB152F /* TFLevel.m in Sources */ = {isa = PBXBuildFile; fileRef = B42766EC234D8A1F00DB152F /* TFLevel.m */; };
		B42AB22C234D553C00CF17F5 /* UIAlertController+Alerts.m in Sources */ = {isa = PBXBuildFile; fileRef = B42AB22B234D553C00CF17F5 /* UIAlertController+Alerts.m */; };
		B43FBC8C23523CD000372662 /* TFSessionResult.m in Sources */ = {isa = PBXBuildFile; fileRef = B43FBC8B23523CD000372662 /* TFSessionResult.m */; };
		B43FBC8F2352462D00372662 /* UIColor+TFColors.m in Sources */ = {isa = PBXBuildFile; fileRef = B43FBC8E2352462D00372662 /* UIColor+TFColors.m */; };
		B43FBC9223524C0C00372662 /* NSString+Extra.m in Sources */ = {isa = PBXBuildFile; fileRef = B43FBC9123524C0C00372662 /* NSString+Extra.m */; };
		B4457CB61B56BFA6003C27A9 /* AVFoundation.framework in Frameworks */ = {isa = PBXBuildFile; fileRef = B4457CB51B56BFA6003C27A9 /* AVFoundation.framework */; };
		B4457CBA1B56F4F4003C27A9 /* p-logo@2x.png in Resources */ = {isa = PBXBuildFile; fileRef = B4457CB91B56F4F4003C27A9 /* p-logo@2x.png */; };
		B4457CC31B580DCF003C27A9 /* backspaceIcon@3x.png in Resources */ = {isa = PBXBuildFile; fileRef = B4457CBB1B580DCF003C27A9 /* backspaceIcon@3x.png */; };
		B4457CC41B580DCF003C27A9 /* rateIcon@3x.png in Resources */ = {isa = PBXBuildFile; fileRef = B4457CBC1B580DCF003C27A9 /* rateIcon@3x.png */; };
		B4457CC51B580DCF003C27A9 /* settingsIcon@3x.png in Resources */ = {isa = PBXBuildFile; fileRef = B4457CBD1B580DCF003C27A9 /* settingsIcon@3x.png */; };
		B4457CC61B580DCF003C27A9 /* share_button@3x.png in Resources */ = {isa = PBXBuildFile; fileRef = B4457CBE1B580DCF003C27A9 /* share_button@3x.png */; };
		B4457CC71B580DCF003C27A9 /* shiftIcon@3x.png in Resources */ = {isa = PBXBuildFile; fileRef = B4457CBF1B580DCF003C27A9 /* shiftIcon@3x.png */; };
		B4457CC81B580DCF003C27A9 /* star_gold@3x.png in Resources */ = {isa = PBXBuildFile; fileRef = B4457CC01B580DCF003C27A9 /* star_gold@3x.png */; };
		B4457CC91B580DCF003C27A9 /* star_goldgray@3x.png in Resources */ = {isa = PBXBuildFile; fileRef = B4457CC11B580DCF003C27A9 /* star_goldgray@3x.png */; };
		B4457CCA1B580DCF003C27A9 /* star_gray@3x.png in Resources */ = {isa = PBXBuildFile; fileRef = B4457CC21B580DCF003C27A9 /* star_gray@3x.png */; };
		B449FAD21B4EED93000EEF4B /* SystemConfiguration.framework in Frameworks */ = {isa = PBXBuildFile; fileRef = B449FAD11B4EED93000EEF4B /* SystemConfiguration.framework */; };
		B449FAD41B4EED99000EEF4B /* Security.framework in Frameworks */ = {isa = PBXBuildFile; fileRef = B449FAD31B4EED99000EEF4B /* Security.framework */; };
		B4561E80234DFB1200566389 /* launch_bg.png in Resources */ = {isa = PBXBuildFile; fileRef = B4561E7F234DFB1200566389 /* launch_bg.png */; };
		B4561E83234DFD4B00566389 /* TFAppCoordinator.m in Sources */ = {isa = PBXBuildFile; fileRef = B4561E82234DFD4B00566389 /* TFAppCoordinator.m */; };
		B4561E86234E01DD00566389 /* UIStoryboard+TFControllers.m in Sources */ = {isa = PBXBuildFile; fileRef = B4561E85234E01DD00566389 /* UIStoryboard+TFControllers.m */; };
		B4561E89234E0A1B00566389 /* TFMenuVM.m in Sources */ = {isa = PBXBuildFile; fileRef = B4561E88234E0A1B00566389 /* TFMenuVM.m */; };
		B4561E8B234E18A500566389 /* Localizable.stringsdict in Resources */ = {isa = PBXBuildFile; fileRef = B4561E8A234E18A500566389 /* Localizable.stringsdict */; };
		B45E7A4F1B504090006C3A67 /* GameKit.framework in Frameworks */ = {isa = PBXBuildFile; fileRef = B45E7A4E1B504090006C3A67 /* GameKit.framework */; };
		B47063DF1B554FE900BD942B /* Icon-60.png in Resources */ = {isa = PBXBuildFile; fileRef = B47063D41B554FE900BD942B /* Icon-60.png */; };
		B47063E01B554FE900BD942B /* Icon-60@2x.png in Resources */ = {isa = PBXBuildFile; fileRef = B47063D51B554FE900BD942B /* Icon-60@2x.png */; };
		B47063E11B554FE900BD942B /* Icon-60@3x.png in Resources */ = {isa = PBXBuildFile; fileRef = B47063D61B554FE900BD942B /* Icon-60@3x.png */; };
		B47063E21B554FE900BD942B /* Icon-76.png in Resources */ = {isa = PBXBuildFile; fileRef = B47063D71B554FE900BD942B /* Icon-76.png */; };
		B47063E31B554FE900BD942B /* Icon-76@2x.png in Resources */ = {isa = PBXBuildFile; fileRef = B47063D81B554FE900BD942B /* Icon-76@2x.png */; };
		B47063E41B554FE900BD942B /* Icon.png in Resources */ = {isa = PBXBuildFile; fileRef = B47063D91B554FE900BD942B /* Icon.png */; };
		B47063E51B554FE900BD942B /* iTunesArtwork.png in Resources */ = {isa = PBXBuildFile; fileRef = B47063DA1B554FE900BD942B /* iTunesArtwork.png */; };
		B47063E61B554FE900BD942B /* iTunesArtwork@2x.png in Resources */ = {isa = PBXBuildFile; fileRef = B47063DB1B554FE900BD942B /* iTunesArtwork@2x.png */; };
		B47063EB1B555A8500BD942B /* Levels.plist in Resources */ = {isa = PBXBuildFile; fileRef = B47063EA1B555A8500BD942B /* Levels.plist */; };
		B483B5CD234D633600392DF0 /* TFSoundService.m in Sources */ = {isa = PBXBuildFile; fileRef = B483B5CC234D633600392DF0 /* TFSoundService.m */; };
		B483B5D0234D655900392DF0 /* TFLeaderboardService.m in Sources */ = {isa = PBXBuildFile; fileRef = B483B5CF234D655900392DF0 /* TFLeaderboardService.m */; };
		B4AE6995234E3AD400B9FC78 /* TFToken.m in Sources */ = {isa = PBXBuildFile; fileRef = B4AE6994234E3AD400B9FC78 /* TFToken.m */; };
		B4AE6998234E499900B9FC78 /* TFTypingVM.m in Sources */ = {isa = PBXBuildFile; fileRef = B4AE6997234E499900B9FC78 /* TFTypingVM.m */; };
		B4CE1F402352599200AF6486 /* TFResultsVM.m in Sources */ = {isa = PBXBuildFile; fileRef = B4CE1F3F2352599200AF6486 /* TFResultsVM.m */; };
		B4CE1F4323525E5600AF6486 /* TFResultProvider.m in Sources */ = {isa = PBXBuildFile; fileRef = B4CE1F4223525E5600AF6486 /* TFResultProvider.m */; };
		B4CE1F452352925100AF6486 /* Main.storyboard in Resources */ = {isa = PBXBuildFile; fileRef = B4CE1F442352925100AF6486 /* Main.storyboard */; };
		B4CE1F472352926F00AF6486 /* LaunchScreen.xib in Resources */ = {isa = PBXBuildFile; fileRef = B4CE1F462352926F00AF6486 /* LaunchScreen.xib */; };
		B4CE1F4B23533F1400AF6486 /* InfoPlist.strings in Resources */ = {isa = PBXBuildFile; fileRef = B4CE1F4923533F1400AF6486 /* InfoPlist.strings */; };
		B4CE1F4E23533F1400AF6486 /* Localizable.strings in Resources */ = {isa = PBXBuildFile; fileRef = B4CE1F4C23533F1400AF6486 /* Localizable.strings */; };
		B4D5D5D31B41BFA50018DCD3 /* TFResultsVC.m in Sources */ = {isa = PBXBuildFile; fileRef = B4D5D5D21B41BFA50018DCD3 /* TFResultsVC.m */; };
		B4D5D5D51B41C5F60018DCD3 /* share_button@2x.png in Resources */ = {isa = PBXBuildFile; fileRef = B4D5D5D41B41C5F60018DCD3 /* share_button@2x.png */; };
		B4D5D5D71B41E8E30018DCD3 /* gamecenter@2x.png in Resources */ = {isa = PBXBuildFile; fileRef = B4D5D5D61B41E8E30018DCD3 /* gamecenter@2x.png */; };
		B4DAF6701B3F6A4400D39487 /* star_gold@2x.png in Resources */ = {isa = PBXBuildFile; fileRef = B4DAF66D1B3F6A4400D39487 /* star_gold@2x.png */; };
		B4DAF6711B3F6A4400D39487 /* star_gray@2x.png in Resources */ = {isa = PBXBuildFile; fileRef = B4DAF66E1B3F6A4400D39487 /* star_gray@2x.png */; };
		B4DAF6721B3F6A4400D39487 /* progress_icon@2x.png in Resources */ = {isa = PBXBuildFile; fileRef = B4DAF66F1B3F6A4400D39487 /* progress_icon@2x.png */; };
		B4E27B81234D6E3B00D9BC46 /* TFSettingsVM.m in Sources */ = {isa = PBXBuildFile; fileRef = B4E27B80234D6E3B00D9BC46 /* TFSettingsVM.m */; };
/* End PBXBuildFile section */

/* Begin PBXContainerItemProxy section */
		B4010C7E1B3E08C5000DF339 /* PBXContainerItemProxy */ = {
			isa = PBXContainerItemProxy;
			containerPortal = B4010C5C1B3E08C4000DF339 /* Project object */;
			proxyType = 1;
			remoteGlobalIDString = B4010C631B3E08C5000DF339;
			remoteInfo = type.trainer;
		};
/* End PBXContainerItemProxy section */

/* Begin PBXFileReference section */
		B4010C641B3E08C5000DF339 /* type.trainer.app */ = {isa = PBXFileReference; explicitFileType = wrapper.application; includeInIndex = 0; path = type.trainer.app; sourceTree = BUILT_PRODUCTS_DIR; };
		B4010C681B3E08C5000DF339 /* Info.plist */ = {isa = PBXFileReference; lastKnownFileType = text.plist.xml; path = Info.plist; sourceTree = "<group>"; };
		B4010C691B3E08C5000DF339 /* main.m */ = {isa = PBXFileReference; lastKnownFileType = sourcecode.c.objc; path = main.m; sourceTree = "<group>"; };
		B4010C6B1B3E08C5000DF339 /* TFAppDelegate.h */ = {isa = PBXFileReference; lastKnownFileType = sourcecode.c.h; path = TFAppDelegate.h; sourceTree = "<group>"; };
		B4010C6C1B3E08C5000DF339 /* TFAppDelegate.m */ = {isa = PBXFileReference; lastKnownFileType = sourcecode.c.objc; path = TFAppDelegate.m; sourceTree = "<group>"; };
		B4010C6E1B3E08C5000DF339 /* TFTypingVC.h */ = {isa = PBXFileReference; lastKnownFileType = sourcecode.c.h; path = TFTypingVC.h; sourceTree = "<group>"; };
		B4010C6F1B3E08C5000DF339 /* TFTypingVC.m */ = {isa = PBXFileReference; lastKnownFileType = sourcecode.c.objc; path = TFTypingVC.m; sourceTree = "<group>"; };
		B4010C741B3E08C5000DF339 /* Images.xcassets */ = {isa = PBXFileReference; lastKnownFileType = folder.assetcatalog; path = Images.xcassets; sourceTree = "<group>"; };
		B4010C7D1B3E08C5000DF339 /* type.trainerTests.xctest */ = {isa = PBXFileReference; explicitFileType = wrapper.cfbundle; includeInIndex = 0; path = type.trainerTests.xctest; sourceTree = BUILT_PRODUCTS_DIR; };
		B4010C821B3E08C5000DF339 /* Info.plist */ = {isa = PBXFileReference; lastKnownFileType = text.plist.xml; path = Info.plist; sourceTree = "<group>"; };
		B4010C831B3E08C5000DF339 /* type_trainerTests.m */ = {isa = PBXFileReference; lastKnownFileType = sourcecode.c.objc; path = type_trainerTests.m; sourceTree = "<group>"; };
		B4010C911B3EDB9D000DF339 /* TFMenuVC.h */ = {isa = PBXFileReference; fileEncoding = 4; lastKnownFileType = sourcecode.c.h; path = TFMenuVC.h; sourceTree = "<group>"; };
		B4010C921B3EDB9D000DF339 /* TFMenuVC.m */ = {isa = PBXFileReference; fileEncoding = 4; lastKnownFileType = sourcecode.c.objc; path = TFMenuVC.m; sourceTree = "<group>"; };
		B413AAD61B4D4C1200C800C4 /* error.wav */ = {isa = PBXFileReference; lastKnownFileType = audio.wav; path = error.wav; sourceTree = "<group>"; };
		B413AAD81B4D50CF00C800C4 /* click.wav */ = {isa = PBXFileReference; lastKnownFileType = audio.wav; path = click.wav; sourceTree = "<group>"; };
		B413AAD91B4D50CF00C800C4 /* new_rank.wav */ = {isa = PBXFileReference; lastKnownFileType = audio.wav; path = new_rank.wav; sourceTree = "<group>"; };
		B413AADA1B4D50CF00C800C4 /* new_result.wav */ = {isa = PBXFileReference; lastKnownFileType = audio.wav; path = new_result.wav; sourceTree = "<group>"; };
		B421D1831B4975D2006F17F7 /* TFSettingsVC.h */ = {isa = PBXFileReference; fileEncoding = 4; lastKnownFileType = sourcecode.c.h; path = TFSettingsVC.h; sourceTree = "<group>"; };
		B421D1841B4975D2006F17F7 /* TFSettingsVC.m */ = {isa = PBXFileReference; fileEncoding = 4; lastKnownFileType = sourcecode.c.objc; path = TFSettingsVC.m; sourceTree = "<group>"; };
		B421D1861B4984B6006F17F7 /* rateIcon@2x.png */ = {isa = PBXFileReference; lastKnownFileType = image.png; path = "rateIcon@2x.png"; sourceTree = "<group>"; };
		B421D1871B4984B6006F17F7 /* settingsIcon@2x.png */ = {isa = PBXFileReference; lastKnownFileType = image.png; path = "settingsIcon@2x.png"; sourceTree = "<group>"; };
		B421D1BF1B49BE67006F17F7 /* backspaceIcon@2x.png */ = {isa = PBXFileReference; lastKnownFileType = image.png; path = "backspaceIcon@2x.png"; sourceTree = "<group>"; };
		B421D1C01B49BE67006F17F7 /* shiftIcon@2x.png */ = {isa = PBXFileReference; lastKnownFileType = image.png; path = "shiftIcon@2x.png"; sourceTree = "<group>"; };
		B421D1C31B49E3F9006F17F7 /* star_goldgray@2x.png */ = {isa = PBXFileReference; lastKnownFileType = image.png; path = "star_goldgray@2x.png"; sourceTree = "<group>"; };
		B42766E3234D7D7000DB152F /* TFLevelProvider.h */ = {isa = PBXFileReference; lastKnownFileType = sourcecode.c.h; path = TFLevelProvider.h; sourceTree = "<group>"; };
		B42766E4234D7D7000DB152F /* TFLevelProvider.m */ = {isa = PBXFileReference; lastKnownFileType = sourcecode.c.objc; path = TFLevelProvider.m; sourceTree = "<group>"; };
		B42766E6234D809900DB152F /* TFNotificationService.h */ = {isa = PBXFileReference; lastKnownFileType = sourcecode.c.h; path = TFNotificationService.h; sourceTree = "<group>"; };
		B42766E7234D809900DB152F /* TFNotificationService.m */ = {isa = PBXFileReference; lastKnownFileType = sourcecode.c.objc; path = TFNotificationService.m; sourceTree = "<group>"; };
		B42766E9234D84AD00DB152F /* Tock.caf */ = {isa = PBXFileReference; lastKnownFileType = file; path = Tock.caf; sourceTree = "<group>"; };
		B42766EB234D8A1F00DB152F /* TFLevel.h */ = {isa = PBXFileReference; lastKnownFileType = sourcecode.c.h; path = TFLevel.h; sourceTree = "<group>"; };
		B42766EC234D8A1F00DB152F /* TFLevel.m */ = {isa = PBXFileReference; lastKnownFileType = sourcecode.c.objc; path = TFLevel.m; sourceTree = "<group>"; };
		B42AB22A234D553C00CF17F5 /* UIAlertController+Alerts.h */ = {isa = PBXFileReference; lastKnownFileType = sourcecode.c.h; path = "UIAlertController+Alerts.h"; sourceTree = "<group>"; };
		B42AB22B234D553C00CF17F5 /* UIAlertController+Alerts.m */ = {isa = PBXFileReference; lastKnownFileType = sourcecode.c.objc; path = "UIAlertController+Alerts.m"; sourceTree = "<group>"; };
		B43FBC8A23523CD000372662 /* TFSessionResult.h */ = {isa = PBXFileReference; lastKnownFileType = sourcecode.c.h; path = TFSessionResult.h; sourceTree = "<group>"; };
		B43FBC8B23523CD000372662 /* TFSessionResult.m */ = {isa = PBXFileReference; lastKnownFileType = sourcecode.c.objc; path = TFSessionResult.m; sourceTree = "<group>"; };
		B43FBC8D2352462D00372662 /* UIColor+TFColors.h */ = {isa = PBXFileReference; lastKnownFileType = sourcecode.c.h; path = "UIColor+TFColors.h"; sourceTree = "<group>"; };
		B43FBC8E2352462D00372662 /* UIColor+TFColors.m */ = {isa = PBXFileReference; lastKnownFileType = sourcecode.c.objc; path = "UIColor+TFColors.m"; sourceTree = "<group>"; };
		B43FBC9023524C0C00372662 /* NSString+Extra.h */ = {isa = PBXFileReference; lastKnownFileType = sourcecode.c.h; path = "NSString+Extra.h"; sourceTree = "<group>"; };
		B43FBC9123524C0C00372662 /* NSString+Extra.m */ = {isa = PBXFileReference; lastKnownFileType = sourcecode.c.objc; path = "NSString+Extra.m"; sourceTree = "<group>"; };
		B4457CB51B56BFA6003C27A9 /* AVFoundation.framework */ = {isa = PBXFileReference; lastKnownFileType = wrapper.framework; name = AVFoundation.framework; path = System/Library/Frameworks/AVFoundation.framework; sourceTree = SDKROOT; };
		B4457CB91B56F4F4003C27A9 /* p-logo@2x.png */ = {isa = PBXFileReference; lastKnownFileType = image.png; path = "p-logo@2x.png"; sourceTree = "<group>"; };
		B4457CBB1B580DCF003C27A9 /* backspaceIcon@3x.png */ = {isa = PBXFileReference; lastKnownFileType = image.png; path = "backspaceIcon@3x.png"; sourceTree = "<group>"; };
		B4457CBC1B580DCF003C27A9 /* rateIcon@3x.png */ = {isa = PBXFileReference; lastKnownFileType = image.png; path = "rateIcon@3x.png"; sourceTree = "<group>"; };
		B4457CBD1B580DCF003C27A9 /* settingsIcon@3x.png */ = {isa = PBXFileReference; lastKnownFileType = image.png; path = "settingsIcon@3x.png"; sourceTree = "<group>"; };
		B4457CBE1B580DCF003C27A9 /* share_button@3x.png */ = {isa = PBXFileReference; lastKnownFileType = image.png; path = "share_button@3x.png"; sourceTree = "<group>"; };
		B4457CBF1B580DCF003C27A9 /* shiftIcon@3x.png */ = {isa = PBXFileReference; lastKnownFileType = image.png; path = "shiftIcon@3x.png"; sourceTree = "<group>"; };
		B4457CC01B580DCF003C27A9 /* star_gold@3x.png */ = {isa = PBXFileReference; lastKnownFileType = image.png; path = "star_gold@3x.png"; sourceTree = "<group>"; };
		B4457CC11B580DCF003C27A9 /* star_goldgray@3x.png */ = {isa = PBXFileReference; lastKnownFileType = image.png; path = "star_goldgray@3x.png"; sourceTree = "<group>"; };
		B4457CC21B580DCF003C27A9 /* star_gray@3x.png */ = {isa = PBXFileReference; lastKnownFileType = image.png; path = "star_gray@3x.png"; sourceTree = "<group>"; };
		B449FAD11B4EED93000EEF4B /* SystemConfiguration.framework */ = {isa = PBXFileReference; lastKnownFileType = wrapper.framework; name = SystemConfiguration.framework; path = System/Library/Frameworks/SystemConfiguration.framework; sourceTree = SDKROOT; };
		B449FAD31B4EED99000EEF4B /* Security.framework */ = {isa = PBXFileReference; lastKnownFileType = wrapper.framework; name = Security.framework; path = System/Library/Frameworks/Security.framework; sourceTree = SDKROOT; };
		B4561E7F234DFB1200566389 /* launch_bg.png */ = {isa = PBXFileReference; lastKnownFileType = image.png; path = launch_bg.png; sourceTree = "<group>"; };
		B4561E81234DFD4B00566389 /* TFAppCoordinator.h */ = {isa = PBXFileReference; lastKnownFileType = sourcecode.c.h; path = TFAppCoordinator.h; sourceTree = "<group>"; };
		B4561E82234DFD4B00566389 /* TFAppCoordinator.m */ = {isa = PBXFileReference; lastKnownFileType = sourcecode.c.objc; path = TFAppCoordinator.m; sourceTree = "<group>"; };
		B4561E84234E01DD00566389 /* UIStoryboard+TFControllers.h */ = {isa = PBXFileReference; lastKnownFileType = sourcecode.c.h; path = "UIStoryboard+TFControllers.h"; sourceTree = "<group>"; };
		B4561E85234E01DD00566389 /* UIStoryboard+TFControllers.m */ = {isa = PBXFileReference; lastKnownFileType = sourcecode.c.objc; path = "UIStoryboard+TFControllers.m"; sourceTree = "<group>"; };
		B4561E87234E0A1B00566389 /* TFMenuVM.h */ = {isa = PBXFileReference; lastKnownFileType = sourcecode.c.h; path = TFMenuVM.h; sourceTree = "<group>"; };
		B4561E88234E0A1B00566389 /* TFMenuVM.m */ = {isa = PBXFileReference; lastKnownFileType = sourcecode.c.objc; path = TFMenuVM.m; sourceTree = "<group>"; };
		B4561E8A234E18A500566389 /* Localizable.stringsdict */ = {isa = PBXFileReference; lastKnownFileType = text.plist.stringsdict; path = Localizable.stringsdict; sourceTree = "<group>"; };
		B45E7A4E1B504090006C3A67 /* GameKit.framework */ = {isa = PBXFileReference; lastKnownFileType = wrapper.framework; name = GameKit.framework; path = System/Library/Frameworks/GameKit.framework; sourceTree = SDKROOT; };
		B47063D41B554FE900BD942B /* Icon-60.png */ = {isa = PBXFileReference; lastKnownFileType = image.png; path = "Icon-60.png"; sourceTree = "<group>"; };
		B47063D51B554FE900BD942B /* Icon-60@2x.png */ = {isa = PBXFileReference; lastKnownFileType = image.png; path = "Icon-60@2x.png"; sourceTree = "<group>"; };
		B47063D61B554FE900BD942B /* Icon-60@3x.png */ = {isa = PBXFileReference; lastKnownFileType = image.png; path = "Icon-60@3x.png"; sourceTree = "<group>"; };
		B47063D71B554FE900BD942B /* Icon-76.png */ = {isa = PBXFileReference; lastKnownFileType = image.png; path = "Icon-76.png"; sourceTree = "<group>"; };
		B47063D81B554FE900BD942B /* Icon-76@2x.png */ = {isa = PBXFileReference; lastKnownFileType = image.png; path = "Icon-76@2x.png"; sourceTree = "<group>"; };
		B47063D91B554FE900BD942B /* Icon.png */ = {isa = PBXFileReference; lastKnownFileType = image.png; path = Icon.png; sourceTree = "<group>"; };
		B47063DA1B554FE900BD942B /* iTunesArtwork.png */ = {isa = PBXFileReference; lastKnownFileType = image.png; path = iTunesArtwork.png; sourceTree = "<group>"; };
		B47063DB1B554FE900BD942B /* iTunesArtwork@2x.png */ = {isa = PBXFileReference; lastKnownFileType = image.png; path = "iTunesArtwork@2x.png"; sourceTree = "<group>"; };
		B47063EA1B555A8500BD942B /* Levels.plist */ = {isa = PBXFileReference; fileEncoding = 4; lastKnownFileType = text.plist.xml; path = Levels.plist; sourceTree = "<group>"; };
		B483B5CB234D633600392DF0 /* TFSoundService.h */ = {isa = PBXFileReference; lastKnownFileType = sourcecode.c.h; path = TFSoundService.h; sourceTree = "<group>"; };
		B483B5CC234D633600392DF0 /* TFSoundService.m */ = {isa = PBXFileReference; lastKnownFileType = sourcecode.c.objc; path = TFSoundService.m; sourceTree = "<group>"; };
		B483B5CE234D655900392DF0 /* TFLeaderboardService.h */ = {isa = PBXFileReference; lastKnownFileType = sourcecode.c.h; path = TFLeaderboardService.h; sourceTree = "<group>"; };
		B483B5CF234D655900392DF0 /* TFLeaderboardService.m */ = {isa = PBXFileReference; lastKnownFileType = sourcecode.c.objc; path = TFLeaderboardService.m; sourceTree = "<group>"; };
		B4AE6993234E3AD400B9FC78 /* TFToken.h */ = {isa = PBXFileReference; lastKnownFileType = sourcecode.c.h; path = TFToken.h; sourceTree = "<group>"; };
		B4AE6994234E3AD400B9FC78 /* TFToken.m */ = {isa = PBXFileReference; lastKnownFileType = sourcecode.c.objc; path = TFToken.m; sourceTree = "<group>"; };
		B4AE6996234E499900B9FC78 /* TFTypingVM.h */ = {isa = PBXFileReference; lastKnownFileType = sourcecode.c.h; path = TFTypingVM.h; sourceTree = "<group>"; };
		B4AE6997234E499900B9FC78 /* TFTypingVM.m */ = {isa = PBXFileReference; lastKnownFileType = sourcecode.c.objc; path = TFTypingVM.m; sourceTree = "<group>"; };
		B4CE1F3E2352599200AF6486 /* TFResultsVM.h */ = {isa = PBXFileReference; lastKnownFileType = sourcecode.c.h; path = TFResultsVM.h; sourceTree = "<group>"; };
		B4CE1F3F2352599200AF6486 /* TFResultsVM.m */ = {isa = PBXFileReference; lastKnownFileType = sourcecode.c.objc; path = TFResultsVM.m; sourceTree = "<group>"; };
		B4CE1F4123525E5600AF6486 /* TFResultProvider.h */ = {isa = PBXFileReference; lastKnownFileType = sourcecode.c.h; path = TFResultProvider.h; sourceTree = "<group>"; };
		B4CE1F4223525E5600AF6486 /* TFResultProvider.m */ = {isa = PBXFileReference; lastKnownFileType = sourcecode.c.objc; path = TFResultProvider.m; sourceTree = "<group>"; };
		B4CE1F442352925100AF6486 /* Main.storyboard */ = {isa = PBXFileReference; fileEncoding = 4; lastKnownFileType = file.storyboard; path = Main.storyboard; sourceTree = "<group>"; };
		B4CE1F462352926F00AF6486 /* LaunchScreen.xib */ = {isa = PBXFileReference; fileEncoding = 4; lastKnownFileType = file.xib; path = LaunchScreen.xib; sourceTree = "<group>"; };
		B4CE1F4A23533F1400AF6486 /* en */ = {isa = PBXFileReference; lastKnownFileType = text.plist.strings; name = en; path = en.lproj/InfoPlist.strings; sourceTree = "<group>"; };
		B4CE1F4D23533F1400AF6486 /* en */ = {isa = PBXFileReference; lastKnownFileType = text.plist.strings; name = en; path = en.lproj/Localizable.strings; sourceTree = "<group>"; };
		B4CE1F4F23533FAB00AF6486 /* ru */ = {isa = PBXFileReference; lastKnownFileType = text.plist.strings; name = ru; path = ru.lproj/Localizable.strings; sourceTree = "<group>"; };
		B4CE1F50235341D400AF6486 /* ru */ = {isa = PBXFileReference; lastKnownFileType = text.plist.strings; name = ru; path = ru.lproj/InfoPlist.strings; sourceTree = "<group>"; };
		B4D5D5D11B41BFA50018DCD3 /* TFResultsVC.h */ = {isa = PBXFileReference; fileEncoding = 4; lastKnownFileType = sourcecode.c.h; path = TFResultsVC.h; sourceTree = "<group>"; };
		B4D5D5D21B41BFA50018DCD3 /* TFResultsVC.m */ = {isa = PBXFileReference; fileEncoding = 4; lastKnownFileType = sourcecode.c.objc; path = TFResultsVC.m; sourceTree = "<group>"; };
		B4D5D5D41B41C5F60018DCD3 /* share_button@2x.png */ = {isa = PBXFileReference; lastKnownFileType = image.png; path = "share_button@2x.png"; sourceTree = "<group>"; };
		B4D5D5D61B41E8E30018DCD3 /* gamecenter@2x.png */ = {isa = PBXFileReference; lastKnownFileType = image.png; path = "gamecenter@2x.png"; sourceTree = "<group>"; };
		B4DAF66D1B3F6A4400D39487 /* star_gold@2x.png */ = {isa = PBXFileReference; lastKnownFileType = image.png; path = "star_gold@2x.png"; sourceTree = "<group>"; };
		B4DAF66E1B3F6A4400D39487 /* star_gray@2x.png */ = {isa = PBXFileReference; lastKnownFileType = image.png; path = "star_gray@2x.png"; sourceTree = "<group>"; };
		B4DAF66F1B3F6A4400D39487 /* progress_icon@2x.png */ = {isa = PBXFileReference; lastKnownFileType = image.png; path = "progress_icon@2x.png"; sourceTree = "<group>"; };
		B4E27B7F234D6E3B00D9BC46 /* TFSettingsVM.h */ = {isa = PBXFileReference; lastKnownFileType = sourcecode.c.h; path = TFSettingsVM.h; sourceTree = "<group>"; };
		B4E27B80234D6E3B00D9BC46 /* TFSettingsVM.m */ = {isa = PBXFileReference; lastKnownFileType = sourcecode.c.objc; path = TFSettingsVM.m; sourceTree = "<group>"; };
/* End PBXFileReference section */

/* Begin PBXFrameworksBuildPhase section */
		B4010C611B3E08C5000DF339 /* Frameworks */ = {
			isa = PBXFrameworksBuildPhase;
			buildActionMask = 2147483647;
			files = (
				B4457CB61B56BFA6003C27A9 /* AVFoundation.framework in Frameworks */,
				B449FAD41B4EED99000EEF4B /* Security.framework in Frameworks */,
				B449FAD21B4EED93000EEF4B /* SystemConfiguration.framework in Frameworks */,
				B45E7A4F1B504090006C3A67 /* GameKit.framework in Frameworks */,
			);
			runOnlyForDeploymentPostprocessing = 0;
		};
		B4010C7A1B3E08C5000DF339 /* Frameworks */ = {
			isa = PBXFrameworksBuildPhase;
			buildActionMask = 2147483647;
			files = (
			);
			runOnlyForDeploymentPostprocessing = 0;
		};
/* End PBXFrameworksBuildPhase section */

/* Begin PBXGroup section */
		85CACE9D01483EACB544D6D5 /* Frameworks */ = {
			isa = PBXGroup;
			children = (
				B45E7A4E1B504090006C3A67 /* GameKit.framework */,
				B449FAD31B4EED99000EEF4B /* Security.framework */,
				B449FAD11B4EED93000EEF4B /* SystemConfiguration.framework */,
				B4457CB51B56BFA6003C27A9 /* AVFoundation.framework */,
			);
			name = Frameworks;
			sourceTree = "<group>";
		};
		B4010C5B1B3E08C4000DF339 = {
			isa = PBXGroup;
			children = (
				B4010C661B3E08C5000DF339 /* type.trainer */,
				B4010C801B3E08C5000DF339 /* type.trainerTests */,
				B4010C651B3E08C5000DF339 /* Products */,
				85CACE9D01483EACB544D6D5 /* Frameworks */,
			);
			sourceTree = "<group>";
		};
		B4010C651B3E08C5000DF339 /* Products */ = {
			isa = PBXGroup;
			children = (
				B4010C641B3E08C5000DF339 /* type.trainer.app */,
				B4010C7D1B3E08C5000DF339 /* type.trainerTests.xctest */,
			);
			name = Products;
			sourceTree = "<group>";
		};
		B4010C661B3E08C5000DF339 /* type.trainer */ = {
			isa = PBXGroup;
			children = (
				B42AB226234D54A100CF17F5 /* Services */,
				B42AB229234D54F600CF17F5 /* Extensions */,
				B42AB225234D548900CF17F5 /* Model */,
				B4CE1F48235292A600AF6486 /* ViewModel */,
				B42AB224234D547C00CF17F5 /* View */,
				B42AB223234D546800CF17F5 /* Controllers */,
				B4010C671B3E08C5000DF339 /* Resources */,
			);
			path = type.trainer;
			sourceTree = "<group>";
		};
		B4010C671B3E08C5000DF339 /* Resources */ = {
			isa = PBXGroup;
			children = (
				B4010C741B3E08C5000DF339 /* Images.xcassets */,
				B42AB227234D54D500CF17F5 /* Images */,
				B42AB228234D54E200CF17F5 /* Sounds */,
				B4010C681B3E08C5000DF339 /* Info.plist */,
				B4CE1F4C23533F1400AF6486 /* Localizable.strings */,
				B4CE1F4923533F1400AF6486 /* InfoPlist.strings */,
				B4010C691B3E08C5000DF339 /* main.m */,
				B4561E8A234E18A500566389 /* Localizable.stringsdict */,
			);
			name = Resources;
			sourceTree = "<group>";
		};
		B4010C801B3E08C5000DF339 /* type.trainerTests */ = {
			isa = PBXGroup;
			children = (
				B4010C831B3E08C5000DF339 /* type_trainerTests.m */,
				B4010C811B3E08C5000DF339 /* Supporting Files */,
			);
			path = type.trainerTests;
			sourceTree = "<group>";
		};
		B4010C811B3E08C5000DF339 /* Supporting Files */ = {
			isa = PBXGroup;
			children = (
				B4010C821B3E08C5000DF339 /* Info.plist */,
			);
			name = "Supporting Files";
			sourceTree = "<group>";
		};
		B42AB223234D546800CF17F5 /* Controllers */ = {
			isa = PBXGroup;
			children = (
				B4010C6E1B3E08C5000DF339 /* TFTypingVC.h */,
				B4010C6F1B3E08C5000DF339 /* TFTypingVC.m */,
				B4010C911B3EDB9D000DF339 /* TFMenuVC.h */,
				B4010C921B3EDB9D000DF339 /* TFMenuVC.m */,
				B421D1831B4975D2006F17F7 /* TFSettingsVC.h */,
				B421D1841B4975D2006F17F7 /* TFSettingsVC.m */,
				B4D5D5D11B41BFA50018DCD3 /* TFResultsVC.h */,
				B4D5D5D21B41BFA50018DCD3 /* TFResultsVC.m */,
			);
			name = Controllers;
			sourceTree = "<group>";
		};
		B42AB224234D547C00CF17F5 /* View */ = {
			isa = PBXGroup;
			children = (
				B4CE1F442352925100AF6486 /* Main.storyboard */,
				B4CE1F462352926F00AF6486 /* LaunchScreen.xib */,
			);
			name = View;
			sourceTree = "<group>";
		};
		B42AB225234D548900CF17F5 /* Model */ = {
			isa = PBXGroup;
			children = (
				B42766EB234D8A1F00DB152F /* TFLevel.h */,
				B42766EC234D8A1F00DB152F /* TFLevel.m */,
				B4AE6993234E3AD400B9FC78 /* TFToken.h */,
				B4AE6994234E3AD400B9FC78 /* TFToken.m */,
				B43FBC8A23523CD000372662 /* TFSessionResult.h */,
				B43FBC8B23523CD000372662 /* TFSessionResult.m */,
				B47063EA1B555A8500BD942B /* Levels.plist */,
			);
			name = Model;
			sourceTree = "<group>";
		};
		B42AB226234D54A100CF17F5 /* Services */ = {
			isa = PBXGroup;
			children = (
				B4010C6B1B3E08C5000DF339 /* TFAppDelegate.h */,
				B4010C6C1B3E08C5000DF339 /* TFAppDelegate.m */,
				B4561E81234DFD4B00566389 /* TFAppCoordinator.h */,
				B4561E82234DFD4B00566389 /* TFAppCoordinator.m */,
				B42766E3234D7D7000DB152F /* TFLevelProvider.h */,
				B42766E4234D7D7000DB152F /* TFLevelProvider.m */,
				B4CE1F4123525E5600AF6486 /* TFResultProvider.h */,
				B4CE1F4223525E5600AF6486 /* TFResultProvider.m */,
				B483B5CB234D633600392DF0 /* TFSoundService.h */,
				B483B5CC234D633600392DF0 /* TFSoundService.m */,
				B42766E6234D809900DB152F /* TFNotificationService.h */,
				B42766E7234D809900DB152F /* TFNotificationService.m */,
				B483B5CE234D655900392DF0 /* TFLeaderboardService.h */,
				B483B5CF234D655900392DF0 /* TFLeaderboardService.m */,
			);
			name = Services;
			sourceTree = "<group>";
		};
		B42AB227234D54D500CF17F5 /* Images */ = {
			isa = PBXGroup;
			children = (
				B4561E7F234DFB1200566389 /* launch_bg.png */,
				B4457CBB1B580DCF003C27A9 /* backspaceIcon@3x.png */,
				B4457CBC1B580DCF003C27A9 /* rateIcon@3x.png */,
				B4457CBD1B580DCF003C27A9 /* settingsIcon@3x.png */,
				B4457CBE1B580DCF003C27A9 /* share_button@3x.png */,
				B4457CBF1B580DCF003C27A9 /* shiftIcon@3x.png */,
				B4457CC01B580DCF003C27A9 /* star_gold@3x.png */,
				B4457CC11B580DCF003C27A9 /* star_goldgray@3x.png */,
				B4457CC21B580DCF003C27A9 /* star_gray@3x.png */,
				B4457CB91B56F4F4003C27A9 /* p-logo@2x.png */,
				B47063D41B554FE900BD942B /* Icon-60.png */,
				B47063D51B554FE900BD942B /* Icon-60@2x.png */,
				B47063D61B554FE900BD942B /* Icon-60@3x.png */,
				B47063D71B554FE900BD942B /* Icon-76.png */,
				B47063D81B554FE900BD942B /* Icon-76@2x.png */,
				B47063D91B554FE900BD942B /* Icon.png */,
				B47063DA1B554FE900BD942B /* iTunesArtwork.png */,
				B47063DB1B554FE900BD942B /* iTunesArtwork@2x.png */,
				B421D1BF1B49BE67006F17F7 /* backspaceIcon@2x.png */,
				B421D1C01B49BE67006F17F7 /* shiftIcon@2x.png */,
				B421D1861B4984B6006F17F7 /* rateIcon@2x.png */,
				B421D1871B4984B6006F17F7 /* settingsIcon@2x.png */,
				B4D5D5D61B41E8E30018DCD3 /* gamecenter@2x.png */,
				B4D5D5D41B41C5F60018DCD3 /* share_button@2x.png */,
				B4DAF66D1B3F6A4400D39487 /* star_gold@2x.png */,
				B4DAF66E1B3F6A4400D39487 /* star_gray@2x.png */,
				B421D1C31B49E3F9006F17F7 /* star_goldgray@2x.png */,
				B4DAF66F1B3F6A4400D39487 /* progress_icon@2x.png */,
			);
			name = Images;
			sourceTree = "<group>";
		};
		B42AB228234D54E200CF17F5 /* Sounds */ = {
			isa = PBXGroup;
			children = (
				B413AAD81B4D50CF00C800C4 /* click.wav */,
				B413AAD91B4D50CF00C800C4 /* new_rank.wav */,
				B42766E9234D84AD00DB152F /* Tock.caf */,
				B413AADA1B4D50CF00C800C4 /* new_result.wav */,
				B413AAD61B4D4C1200C800C4 /* error.wav */,
			);
			name = Sounds;
			sourceTree = "<group>";
		};
		B42AB229234D54F600CF17F5 /* Extensions */ = {
			isa = PBXGroup;
			children = (
				B43FBC9023524C0C00372662 /* NSString+Extra.h */,
				B43FBC9123524C0C00372662 /* NSString+Extra.m */,
				B43FBC8D2352462D00372662 /* UIColor+TFColors.h */,
				B43FBC8E2352462D00372662 /* UIColor+TFColors.m */,
				B42AB22A234D553C00CF17F5 /* UIAlertController+Alerts.h */,
				B42AB22B234D553C00CF17F5 /* UIAlertController+Alerts.m */,
				B4561E84234E01DD00566389 /* UIStoryboard+TFControllers.h */,
				B4561E85234E01DD00566389 /* UIStoryboard+TFControllers.m */,
			);
			name = Extensions;
			sourceTree = "<group>";
		};
		B4CE1F48235292A600AF6486 /* ViewModel */ = {
			isa = PBXGroup;
			children = (
				B4561E87234E0A1B00566389 /* TFMenuVM.h */,
				B4561E88234E0A1B00566389 /* TFMenuVM.m */,
				B4E27B7F234D6E3B00D9BC46 /* TFSettingsVM.h */,
				B4E27B80234D6E3B00D9BC46 /* TFSettingsVM.m */,
				B4AE6996234E499900B9FC78 /* TFTypingVM.h */,
				B4AE6997234E499900B9FC78 /* TFTypingVM.m */,
				B4CE1F3E2352599200AF6486 /* TFResultsVM.h */,
				B4CE1F3F2352599200AF6486 /* TFResultsVM.m */,
			);
			name = ViewModel;
			sourceTree = "<group>";
		};
/* End PBXGroup section */

/* Begin PBXNativeTarget section */
		B4010C631B3E08C5000DF339 /* type.trainer */ = {
			isa = PBXNativeTarget;
			buildConfigurationList = B4010C871B3E08C5000DF339 /* Build configuration list for PBXNativeTarget "type.trainer" */;
			buildPhases = (
				B4010C601B3E08C5000DF339 /* Sources */,
				B4010C611B3E08C5000DF339 /* Frameworks */,
				B4010C621B3E08C5000DF339 /* Resources */,
			);
			buildRules = (
			);
			dependencies = (
			);
			name = type.trainer;
			productName = type.trainer;
			productReference = B4010C641B3E08C5000DF339 /* type.trainer.app */;
			productType = "com.apple.product-type.application";
		};
		B4010C7C1B3E08C5000DF339 /* type.trainerTests */ = {
			isa = PBXNativeTarget;
			buildConfigurationList = B4010C8A1B3E08C5000DF339 /* Build configuration list for PBXNativeTarget "type.trainerTests" */;
			buildPhases = (
				B4010C791B3E08C5000DF339 /* Sources */,
				B4010C7A1B3E08C5000DF339 /* Frameworks */,
				B4010C7B1B3E08C5000DF339 /* Resources */,
			);
			buildRules = (
			);
			dependencies = (
				B4010C7F1B3E08C5000DF339 /* PBXTargetDependency */,
			);
			name = type.trainerTests;
			productName = type.trainerTests;
			productReference = B4010C7D1B3E08C5000DF339 /* type.trainerTests.xctest */;
			productType = "com.apple.product-type.bundle.unit-test";
		};
/* End PBXNativeTarget section */

/* Begin PBXProject section */
		B4010C5C1B3E08C4000DF339 /* Project object */ = {
			isa = PBXProject;
			attributes = {
				LastUpgradeCheck = 1020;
				ORGANIZATIONNAME = Suricatum;
				TargetAttributes = {
					B4010C631B3E08C5000DF339 = {
						CreatedOnToolsVersion = 6.3.2;
						DevelopmentTeam = HVARA599XL;
						ProvisioningStyle = Automatic;
						SystemCapabilities = {
							com.apple.GameCenter = {
								enabled = 1;
							};
						};
					};
					B4010C7C1B3E08C5000DF339 = {
						CreatedOnToolsVersion = 6.3.2;
						TestTargetID = B4010C631B3E08C5000DF339;
					};
				};
			};
			buildConfigurationList = B4010C5F1B3E08C4000DF339 /* Build configuration list for PBXProject "type.trainer" */;
			compatibilityVersion = "Xcode 3.2";
			developmentRegion = en;
			hasScannedForEncodings = 0;
			knownRegions = (
				en,
				Base,
				ru,
			);
			mainGroup = B4010C5B1B3E08C4000DF339;
			productRefGroup = B4010C651B3E08C5000DF339 /* Products */;
			projectDirPath = "";
			projectRoot = "";
			targets = (
				B4010C631B3E08C5000DF339 /* type.trainer */,
				B4010C7C1B3E08C5000DF339 /* type.trainerTests */,
			);
		};
/* End PBXProject section */

/* Begin PBXResourcesBuildPhase section */
		B4010C621B3E08C5000DF339 /* Resources */ = {
			isa = PBXResourcesBuildPhase;
			buildActionMask = 2147483647;
			files = (
				B4457CCA1B580DCF003C27A9 /* star_gray@3x.png in Resources */,
				B47063E41B554FE900BD942B /* Icon.png in Resources */,
				B47063DF1B554FE900BD942B /* Icon-60.png in Resources */,
				B4DAF6711B3F6A4400D39487 /* star_gray@2x.png in Resources */,
				B413AADD1B4D50CF00C800C4 /* new_result.wav in Resources */,
				B4CE1F4E23533F1400AF6486 /* Localizable.strings in Resources */,
				B4DAF6701B3F6A4400D39487 /* star_gold@2x.png in Resources */,
				B47063E01B554FE900BD942B /* Icon-60@2x.png in Resources */,
				B47063E11B554FE900BD942B /* Icon-60@3x.png in Resources */,
				B4457CC41B580DCF003C27A9 /* rateIcon@3x.png in Resources */,
				B4010C751B3E08C5000DF339 /* Images.xcassets in Resources */,
				B42766EA234D84AD00DB152F /* Tock.caf in Resources */,
				B47063E51B554FE900BD942B /* iTunesArtwork.png in Resources */,
				B47063E21B554FE900BD942B /* Icon-76.png in Resources */,
				B47063E31B554FE900BD942B /* Icon-76@2x.png in Resources */,
				B4457CC31B580DCF003C27A9 /* backspaceIcon@3x.png in Resources */,
				B47063E61B554FE900BD942B /* iTunesArtwork@2x.png in Resources */,
				B4CE1F4B23533F1400AF6486 /* InfoPlist.strings in Resources */,
				B47063EB1B555A8500BD942B /* Levels.plist in Resources */,
				B4CE1F452352925100AF6486 /* Main.storyboard in Resources */,
				B4DAF6721B3F6A4400D39487 /* progress_icon@2x.png in Resources */,
				B4457CC91B580DCF003C27A9 /* star_goldgray@3x.png in Resources */,
				B413AADC1B4D50CF00C800C4 /* new_rank.wav in Resources */,
				B421D1891B4984B6006F17F7 /* settingsIcon@2x.png in Resources */,
				B421D1881B4984B6006F17F7 /* rateIcon@2x.png in Resources */,
				B4D5D5D51B41C5F60018DCD3 /* share_button@2x.png in Resources */,
				B4D5D5D71B41E8E30018DCD3 /* gamecenter@2x.png in Resources */,
				B4457CBA1B56F4F4003C27A9 /* p-logo@2x.png in Resources */,
				B4457CC81B580DCF003C27A9 /* star_gold@3x.png in Resources */,
				B4457CC51B580DCF003C27A9 /* settingsIcon@3x.png in Resources */,
				B421D1C21B49BE67006F17F7 /* shiftIcon@2x.png in Resources */,
				B421D1C11B49BE67006F17F7 /* backspaceIcon@2x.png in Resources */,
				B413AADB1B4D50CF00C800C4 /* click.wav in Resources */,
				B413AAD71B4D4C1200C800C4 /* error.wav in Resources */,
				B4CE1F472352926F00AF6486 /* LaunchScreen.xib in Resources */,
				B4561E8B234E18A500566389 /* Localizable.stringsdict in Resources */,
				B4457CC61B580DCF003C27A9 /* share_button@3x.png in Resources */,
				B4561E80234DFB1200566389 /* launch_bg.png in Resources */,
				B421D1C41B49E3F9006F17F7 /* star_goldgray@2x.png in Resources */,
				B4457CC71B580DCF003C27A9 /* shiftIcon@3x.png in Resources */,
			);
			runOnlyForDeploymentPostprocessing = 0;
		};
		B4010C7B1B3E08C5000DF339 /* Resources */ = {
			isa = PBXResourcesBuildPhase;
			buildActionMask = 2147483647;
			files = (
			);
			runOnlyForDeploymentPostprocessing = 0;
		};
/* End PBXResourcesBuildPhase section */

/* Begin PBXSourcesBuildPhase section */
		B4010C601B3E08C5000DF339 /* Sources */ = {
			isa = PBXSourcesBuildPhase;
			buildActionMask = 2147483647;
			files = (
				B4010C701B3E08C5000DF339 /* TFTypingVC.m in Sources */,
				B42766E5234D7D7000DB152F /* TFLevelProvider.m in Sources */,
				B421D1851B4975D2006F17F7 /* TFSettingsVC.m in Sources */,
				B4561E89234E0A1B00566389 /* TFMenuVM.m in Sources */,
				B4CE1F4323525E5600AF6486 /* TFResultProvider.m in Sources */,
				B43FBC8C23523CD000372662 /* TFSessionResult.m in Sources */,
				B4561E83234DFD4B00566389 /* TFAppCoordinator.m in Sources */,
				B483B5D0234D655900392DF0 /* TFLeaderboardService.m in Sources */,
				B4CE1F402352599200AF6486 /* TFResultsVM.m in Sources */,
				B4D5D5D31B41BFA50018DCD3 /* TFResultsVC.m in Sources */,
				B4010C6D1B3E08C5000DF339 /* TFAppDelegate.m in Sources */,
				B43FBC8F2352462D00372662 /* UIColor+TFColors.m in Sources */,
				B42AB22C234D553C00CF17F5 /* UIAlertController+Alerts.m in Sources */,
				B42766ED234D8A1F00DB152F /* TFLevel.m in Sources */,
				B4561E86234E01DD00566389 /* UIStoryboard+TFControllers.m in Sources */,
				B42766E8234D809900DB152F /* TFNotificationService.m in Sources */,
				B4AE6995234E3AD400B9FC78 /* TFToken.m in Sources */,
				B4010C6A1B3E08C5000DF339 /* main.m in Sources */,
				B483B5CD234D633600392DF0 /* TFSoundService.m in Sources */,
				B4E27B81234D6E3B00D9BC46 /* TFSettingsVM.m in Sources */,
				B4AE6998234E499900B9FC78 /* TFTypingVM.m in Sources */,
				B43FBC9223524C0C00372662 /* NSString+Extra.m in Sources */,
				B4010C931B3EDB9D000DF339 /* TFMenuVC.m in Sources */,
			);
			runOnlyForDeploymentPostprocessing = 0;
		};
		B4010C791B3E08C5000DF339 /* Sources */ = {
			isa = PBXSourcesBuildPhase;
			buildActionMask = 2147483647;
			files = (
				B4010C841B3E08C5000DF339 /* type_trainerTests.m in Sources */,
			);
			runOnlyForDeploymentPostprocessing = 0;
		};
/* End PBXSourcesBuildPhase section */

/* Begin PBXTargetDependency section */
		B4010C7F1B3E08C5000DF339 /* PBXTargetDependency */ = {
			isa = PBXTargetDependency;
			target = B4010C631B3E08C5000DF339 /* type.trainer */;
			targetProxy = B4010C7E1B3E08C5000DF339 /* PBXContainerItemProxy */;
		};
/* End PBXTargetDependency section */

/* Begin PBXVariantGroup section */
		B4CE1F4923533F1400AF6486 /* InfoPlist.strings */ = {
			isa = PBXVariantGroup;
			children = (
				B4CE1F4A23533F1400AF6486 /* en */,
				B4CE1F50235341D400AF6486 /* ru */,
			);
			name = InfoPlist.strings;
			sourceTree = "<group>";
		};
		B4CE1F4C23533F1400AF6486 /* Localizable.strings */ = {
			isa = PBXVariantGroup;
			children = (
				B4CE1F4D23533F1400AF6486 /* en */,
				B4CE1F4F23533FAB00AF6486 /* ru */,
			);
			name = Localizable.strings;
			sourceTree = "<group>";
		};
/* End PBXVariantGroup section */

/* Begin XCBuildConfiguration section */
		B4010C851B3E08C5000DF339 /* Debug */ = {
			isa = XCBuildConfiguration;
			buildSettings = {
				ALWAYS_SEARCH_USER_PATHS = NO;
				CLANG_ANALYZER_LOCALIZABILITY_NONLOCALIZED = YES;
				CLANG_CXX_LANGUAGE_STANDARD = "gnu++0x";
				CLANG_CXX_LIBRARY = "libc++";
				CLANG_ENABLE_MODULES = YES;
				CLANG_ENABLE_OBJC_ARC = YES;
				CLANG_WARN_BLOCK_CAPTURE_AUTORELEASING = YES;
				CLANG_WARN_BOOL_CONVERSION = YES;
				CLANG_WARN_COMMA = YES;
				CLANG_WARN_CONSTANT_CONVERSION = YES;
				CLANG_WARN_DEPRECATED_OBJC_IMPLEMENTATIONS = YES;
				CLANG_WARN_DIRECT_OBJC_ISA_USAGE = YES_ERROR;
				CLANG_WARN_EMPTY_BODY = YES;
				CLANG_WARN_ENUM_CONVERSION = YES;
				CLANG_WARN_INFINITE_RECURSION = YES;
				CLANG_WARN_INT_CONVERSION = YES;
				CLANG_WARN_NON_LITERAL_NULL_CONVERSION = YES;
				CLANG_WARN_OBJC_IMPLICIT_RETAIN_SELF = YES;
				CLANG_WARN_OBJC_LITERAL_CONVERSION = YES;
				CLANG_WARN_OBJC_ROOT_CLASS = YES_ERROR;
				CLANG_WARN_RANGE_LOOP_ANALYSIS = YES;
				CLANG_WARN_STRICT_PROTOTYPES = YES;
				CLANG_WARN_SUSPICIOUS_MOVE = YES;
				CLANG_WARN_UNREACHABLE_CODE = YES;
				CLANG_WARN__DUPLICATE_METHOD_MATCH = YES;
				"CODE_SIGN_IDENTITY[sdk=iphoneos*]" = "iPhone Developer";
				COPY_PHASE_STRIP = NO;
				DEBUG_INFORMATION_FORMAT = "dwarf-with-dsym";
				ENABLE_STRICT_OBJC_MSGSEND = YES;
				ENABLE_TESTABILITY = YES;
				GCC_C_LANGUAGE_STANDARD = gnu99;
				GCC_DYNAMIC_NO_PIC = NO;
				GCC_NO_COMMON_BLOCKS = YES;
				GCC_OPTIMIZATION_LEVEL = 0;
				GCC_PREPROCESSOR_DEFINITIONS = (
					"DEBUG=1",
					"$(inherited)",
				);
				GCC_SYMBOLS_PRIVATE_EXTERN = NO;
				GCC_WARN_64_TO_32_BIT_CONVERSION = YES;
				GCC_WARN_ABOUT_RETURN_TYPE = YES_ERROR;
				GCC_WARN_UNDECLARED_SELECTOR = YES;
				GCC_WARN_UNINITIALIZED_AUTOS = YES_AGGRESSIVE;
				GCC_WARN_UNUSED_FUNCTION = YES;
				GCC_WARN_UNUSED_VARIABLE = YES;
				IPHONEOS_DEPLOYMENT_TARGET = 8.3;
				MTL_ENABLE_DEBUG_INFO = YES;
				ONLY_ACTIVE_ARCH = YES;
				SDKROOT = iphoneos;
				TARGETED_DEVICE_FAMILY = "1,2";
			};
			name = Debug;
		};
		B4010C861B3E08C5000DF339 /* Release */ = {
			isa = XCBuildConfiguration;
			buildSettings = {
				ALWAYS_SEARCH_USER_PATHS = NO;
				CLANG_ANALYZER_LOCALIZABILITY_NONLOCALIZED = YES;
				CLANG_CXX_LANGUAGE_STANDARD = "gnu++0x";
				CLANG_CXX_LIBRARY = "libc++";
				CLANG_ENABLE_MODULES = YES;
				CLANG_ENABLE_OBJC_ARC = YES;
				CLANG_WARN_BLOCK_CAPTURE_AUTORELEASING = YES;
				CLANG_WARN_BOOL_CONVERSION = YES;
				CLANG_WARN_COMMA = YES;
				CLANG_WARN_CONSTANT_CONVERSION = YES;
				CLANG_WARN_DEPRECATED_OBJC_IMPLEMENTATIONS = YES;
				CLANG_WARN_DIRECT_OBJC_ISA_USAGE = YES_ERROR;
				CLANG_WARN_EMPTY_BODY = YES;
				CLANG_WARN_ENUM_CONVERSION = YES;
				CLANG_WARN_INFINITE_RECURSION = YES;
				CLANG_WARN_INT_CONVERSION = YES;
				CLANG_WARN_NON_LITERAL_NULL_CONVERSION = YES;
				CLANG_WARN_OBJC_IMPLICIT_RETAIN_SELF = YES;
				CLANG_WARN_OBJC_LITERAL_CONVERSION = YES;
				CLANG_WARN_OBJC_ROOT_CLASS = YES_ERROR;
				CLANG_WARN_RANGE_LOOP_ANALYSIS = YES;
				CLANG_WARN_STRICT_PROTOTYPES = YES;
				CLANG_WARN_SUSPICIOUS_MOVE = YES;
				CLANG_WARN_UNREACHABLE_CODE = YES;
				CLANG_WARN__DUPLICATE_METHOD_MATCH = YES;
				"CODE_SIGN_IDENTITY[sdk=iphoneos*]" = "iPhone Developer";
				COPY_PHASE_STRIP = NO;
				DEBUG_INFORMATION_FORMAT = "dwarf-with-dsym";
				ENABLE_NS_ASSERTIONS = NO;
				ENABLE_STRICT_OBJC_MSGSEND = YES;
				GCC_C_LANGUAGE_STANDARD = gnu99;
				GCC_NO_COMMON_BLOCKS = YES;
				GCC_WARN_64_TO_32_BIT_CONVERSION = YES;
				GCC_WARN_ABOUT_RETURN_TYPE = YES_ERROR;
				GCC_WARN_UNDECLARED_SELECTOR = YES;
				GCC_WARN_UNINITIALIZED_AUTOS = YES_AGGRESSIVE;
				GCC_WARN_UNUSED_FUNCTION = YES;
				GCC_WARN_UNUSED_VARIABLE = YES;
				IPHONEOS_DEPLOYMENT_TARGET = 8.3;
				MTL_ENABLE_DEBUG_INFO = NO;
				SDKROOT = iphoneos;
				TARGETED_DEVICE_FAMILY = "1,2";
				VALIDATE_PRODUCT = YES;
			};
			name = Release;
		};
		B4010C881B3E08C5000DF339 /* Debug */ = {
			isa = XCBuildConfiguration;
			buildSettings = {
				ASSETCATALOG_COMPILER_APPICON_NAME = AppIcon;
				ASSETCATALOG_COMPILER_LAUNCHIMAGE_NAME = "";
				CODE_SIGN_IDENTITY = "iPhone Developer";
				"CODE_SIGN_IDENTITY[sdk=iphoneos*]" = "iPhone Developer";
				CODE_SIGN_STYLE = Automatic;
				DEVELOPMENT_TEAM = HVARA599XL;
				ENABLE_BITCODE = NO;
				FRAMEWORK_SEARCH_PATHS = (
					"$(inherited)",
					"$(PROJECT_DIR)/type.trainer",
				);
				INFOPLIST_FILE = type.trainer/Info.plist;
				IPHONEOS_DEPLOYMENT_TARGET = 11.0;
				LD_RUNPATH_SEARCH_PATHS = "$(inherited) @executable_path/Frameworks";
				LIBRARY_SEARCH_PATHS = "$(inherited)";
				ONLY_ACTIVE_ARCH = YES;
				PRODUCT_BUNDLE_IDENTIFIER = "com.suricatum.$(PRODUCT_NAME:rfc1034identifier)";
				PRODUCT_NAME = "$(TARGET_NAME)";
				PROVISIONING_PROFILE = "";
				PROVISIONING_PROFILE_SPECIFIER = "";
				TARGETED_DEVICE_FAMILY = 1;
			};
			name = Debug;
		};
		B4010C891B3E08C5000DF339 /* Release */ = {
			isa = XCBuildConfiguration;
			buildSettings = {
				ASSETCATALOG_COMPILER_APPICON_NAME = AppIcon;
				ASSETCATALOG_COMPILER_LAUNCHIMAGE_NAME = "";
				CODE_SIGN_IDENTITY = "iPhone Developer";
				"CODE_SIGN_IDENTITY[sdk=iphoneos*]" = "iPhone Developer";
				CODE_SIGN_STYLE = Automatic;
				DEVELOPMENT_TEAM = HVARA599XL;
				ENABLE_BITCODE = NO;
				FRAMEWORK_SEARCH_PATHS = (
					"$(inherited)",
					"$(PROJECT_DIR)/type.trainer",
				);
				INFOPLIST_FILE = type.trainer/Info.plist;
				IPHONEOS_DEPLOYMENT_TARGET = 11.0;
				LD_RUNPATH_SEARCH_PATHS = "$(inherited) @executable_path/Frameworks";
				LIBRARY_SEARCH_PATHS = "$(inherited)";
				PRODUCT_BUNDLE_IDENTIFIER = "com.suricatum.$(PRODUCT_NAME:rfc1034identifier)";
				PRODUCT_NAME = "$(TARGET_NAME)";
				PROVISIONING_PROFILE = "";
				PROVISIONING_PROFILE_SPECIFIER = "";
				TARGETED_DEVICE_FAMILY = 1;
			};
			name = Release;
		};
		B4010C8B1B3E08C5000DF339 /* Debug */ = {
			isa = XCBuildConfiguration;
			buildSettings = {
				BUNDLE_LOADER = "$(TEST_HOST)";
				FRAMEWORK_SEARCH_PATHS = (
					"$(SDKROOT)/Developer/Library/Frameworks",
					"$(inherited)",
				);
				GCC_PREPROCESSOR_DEFINITIONS = (
					"DEBUG=1",
					"$(inherited)",
				);
				INFOPLIST_FILE = type.trainerTests/Info.plist;
				LD_RUNPATH_SEARCH_PATHS = "$(inherited) @executable_path/Frameworks @loader_path/Frameworks";
				PRODUCT_BUNDLE_IDENTIFIER = "suricatum.$(PRODUCT_NAME:rfc1034identifier)";
				PRODUCT_NAME = "$(TARGET_NAME)";
				TEST_HOST = "$(BUILT_PRODUCTS_DIR)/type.trainer.app/type.trainer";
			};
			name = Debug;
		};
		B4010C8C1B3E08C5000DF339 /* Release */ = {
			isa = XCBuildConfiguration;
			buildSettings = {
				BUNDLE_LOADER = "$(TEST_HOST)";
				FRAMEWORK_SEARCH_PATHS = (
					"$(SDKROOT)/Developer/Library/Frameworks",
					"$(inherited)",
				);
				INFOPLIST_FILE = type.trainerTests/Info.plist;
				LD_RUNPATH_SEARCH_PATHS = "$(inherited) @executable_path/Frameworks @loader_path/Frameworks";
				PRODUCT_BUNDLE_IDENTIFIER = "suricatum.$(PRODUCT_NAME:rfc1034identifier)";
				PRODUCT_NAME = "$(TARGET_NAME)";
				TEST_HOST = "$(BUILT_PRODUCTS_DIR)/type.trainer.app/type.trainer";
			};
			name = Release;
		};
/* End XCBuildConfiguration section */

/* Begin XCConfigurationList section */
		B4010C5F1B3E08C4000DF339 /* Build configuration list for PBXProject "type.trainer" */ = {
			isa = XCConfigurationList;
			buildConfigurations = (
				B4010C851B3E08C5000DF339 /* Debug */,
				B4010C861B3E08C5000DF339 /* Release */,
			);
			defaultConfigurationIsVisible = 0;
			defaultConfigurationName = Release;
		};
		B4010C871B3E08C5000DF339 /* Build configuration list for PBXNativeTarget "type.trainer" */ = {
			isa = XCConfigurationList;
			buildConfigurations = (
				B4010C881B3E08C5000DF339 /* Debug */,
				B4010C891B3E08C5000DF339 /* Release */,
			);
			defaultConfigurationIsVisible = 0;
			defaultConfigurationName = Release;
		};
		B4010C8A1B3E08C5000DF339 /* Build configuration list for PBXNativeTarget "type.trainerTests" */ = {
			isa = XCConfigurationList;
			buildConfigurations = (
				B4010C8B1B3E08C5000DF339 /* Debug */,
				B4010C8C1B3E08C5000DF339 /* Release */,
			);
			defaultConfigurationIsVisible = 0;
			defaultConfigurationName = Release;
		};
/* End XCConfigurationList section */
	};
	rootObject = B4010C5C1B3E08C4000DF339 /* Project object */;
}
